{
  "lockfile_version": "1",
  "packages": {
    "_1password-cli@latest": {
      "last_modified": "2026-01-23T17:20:52Z",
      "resolved": "github:NixOS/nixpkgs/a1bab9e494f5f4939442a57a58d0449a109593fe#_1password-cli",
      "source": "devbox-search",
      "version": "2.32.0",
      "systems": {
        "aarch64-darwin": {
          "outputs": [
            {
              "name": "out",
              "path": "/nix/store/3hvgg48hhhqrb43wl80p4q4h8jgfcdzx-1password-cli-2.32.0",
              "default": true
            }
          ],
          "store_path": "/nix/store/3hvgg48hhhqrb43wl80p4q4h8jgfcdzx-1password-cli-2.32.0"
        },
        "aarch64-linux": {
          "outputs": [
            {
              "name": "out",
              "path": "/nix/store/wdxlhm3k21f4qagpdqp2567s0z104n35-1password-cli-2.32.0",
              "default": true
            }
          ],
          "store_path": "/nix/store/wdxlhm3k21f4qagpdqp2567s0z104n35-1password-cli-2.32.0"
        },
        "x86_64-darwin": {
          "outputs": [
            {
              "name": "out",
              "path": "/nix/store/cw4szy7q7gqcnyfwnrvqz680dysz2c4b-1password-cli-2.32.0",
              "default": true
            }
          ],
          "store_path": "/nix/store/cw4szy7q7gqcnyfwnrvqz680dysz2c4b-1password-cli-2.32.0"
        },
        "x86_64-linux": {
          "outputs": [
            {
              "name": "out",
              "path": "/nix/store/qbwh8gsp4znmm451my4h8z44h4b7sfz9-1password-cli-2.32.0",
              "default": true
            }
          ],
          "store_path": "/nix/store/qbwh8gsp4znmm451my4h8z44h4b7sfz9-1password-cli-2.32.0"
        }
      }
    },
    "bat@latest": {
      "last_modified": "2026-01-23T17:20:52Z",
      "resolved": "github:NixOS/nixpkgs/a1bab9e494f5f4939442a57a58d0449a109593fe#bat",
      "source": "devbox-search",
      "version": "0.26.1",
      "systems": {
        "aarch64-darwin": {
          "outputs": [
            {
              "name": "out",
              "path": "/nix/store/v84wyhzywd3b0q0ahli6aanm9zxfxncm-bat-0.26.1",
              "default": true
            }
          ],
          "store_path": "/nix/store/v84wyhzywd3b0q0ahli6aanm9zxfxncm-bat-0.26.1"
        },
        "aarch64-linux": {
          "outputs": [
            {
              "name": "out",
              "path": "/nix/store/vqsbq46rv3rm37fj7ri80q8fsy8hd3li-bat-0.26.1",
              "default": true
            }
          ],
          "store_path": "/nix/store/vqsbq46rv3rm37fj7ri80q8fsy8hd3li-bat-0.26.1"
        },
        "x86_64-darwin": {
          "outputs": [
            {
              "name": "out",
              "path": "/nix/store/yh82pk7n4blqlr8838f1y7cnj7ka0x08-bat-0.26.1",
              "default": true
            }
          ],
          "store_path": "/nix/store/yh82pk7n4blqlr8838f1y7cnj7ka0x08-bat-0.26.1"
        },
        "x86_64-linux": {
          "outputs": [
            {
              "name": "out",
              "path": "/nix/store/fz2gayy3kwjyzp66a3cxl826fqbzd5xz-bat-0.26.1",
              "default": true
            }
          ],
          "store_path": "/nix/store/fz2gayy3kwjyzp66a3cxl826fqbzd5xz-bat-0.26.1"
        }
      }
    },
    "cargo@latest": {
      "last_modified": "2026-01-23T17:20:52Z",
      "resolved": "github:NixOS/nixpkgs/a1bab9e494f5f4939442a57a58d0449a109593fe#cargo",
      "source": "devbox-search",
      "version": "1.92.0",
      "systems": {
        "aarch64-darwin": {
          "outputs": [
            {
              "name": "out",
              "path": "/nix/store/v4bvnkm0p5x41fhybskr0cf2zvkgyrvv-cargo-1.92.0",
              "default": true
            }
          ],
          "store_path": "/nix/store/v4bvnkm0p5x41fhybskr0cf2zvkgyrvv-cargo-1.92.0"
        },
        "aarch64-linux": {
          "outputs": [
            {
              "name": "out",
              "path": "/nix/store/piiqs6x2m8gv0n3z3pys8scn0y673piy-cargo-1.92.0",
              "default": true
            }
          ],
          "store_path": "/nix/store/piiqs6x2m8gv0n3z3pys8scn0y673piy-cargo-1.92.0"
        },
        "x86_64-darwin": {
          "outputs": [
            {
              "name": "out",
              "path": "/nix/store/wf6279pgydd1nny4s5nx1msian6dbf9p-cargo-1.92.0",
              "default": true
            }
          ],
          "store_path": "/nix/store/wf6279pgydd1nny4s5nx1msian6dbf9p-cargo-1.92.0"
        },
        "x86_64-linux": {
          "outputs": [
            {
              "name": "out",
              "path": "/nix/store/yqcsaywfvcyy9wmbzb5fawp29icgi7cb-cargo-1.92.0",
              "default": true
            }
          ],
          "store_path": "/nix/store/yqcsaywfvcyy9wmbzb5fawp29icgi7cb-cargo-1.92.0"
        }
      }
    },
    "delta@latest": {
      "last_modified": "2026-01-23T17:20:52Z",
      "resolved": "github:NixOS/nixpkgs/a1bab9e494f5f4939442a57a58d0449a109593fe#delta",
      "source": "devbox-search",
      "version": "0.18.2",
      "systems": {
        "aarch64-darwin": {
          "outputs": [
            {
              "name": "out",
              "path": "/nix/store/nsi1hy9w5dz1zysmf2jv2yvljdrn020z-delta-0.18.2",
              "default": true
            }
          ],
          "store_path": "/nix/store/nsi1hy9w5dz1zysmf2jv2yvljdrn020z-delta-0.18.2"
        },
        "aarch64-linux": {
          "outputs": [
            {
              "name": "out",
              "path": "/nix/store/76rc66v3mmg08w8xn2nrz77n0wic8532-delta-0.18.2",
              "default": true
            }
          ],
          "store_path": "/nix/store/76rc66v3mmg08w8xn2nrz77n0wic8532-delta-0.18.2"
        },
        "x86_64-darwin": {
          "outputs": [
            {
              "name": "out",
              "path": "/nix/store/v5k3rsq43l65wfw6whw3pr527zc392l6-delta-0.18.2",
              "default": true
            }
          ],
          "store_path": "/nix/store/v5k3rsq43l65wfw6whw3pr527zc392l6-delta-0.18.2"
        },
        "x86_64-linux": {
          "outputs": [
            {
              "name": "out",
              "path": "/nix/store/fvx22qhn0hh9wixx4yijvwfbm5b1yzl0-delta-0.18.2",
              "default": true
            }
          ],
          "store_path": "/nix/store/fvx22qhn0hh9wixx4yijvwfbm5b1yzl0-delta-0.18.2"
        }
      }
    },
    "direnv@latest": {
      "last_modified": "2026-01-23T17:20:52Z",
      "resolved": "github:NixOS/nixpkgs/a1bab9e494f5f4939442a57a58d0449a109593fe#direnv",
      "source": "devbox-search",
      "version": "2.37.1",
      "systems": {
        "aarch64-darwin": {
          "outputs": [
            {
              "name": "out",
              "path": "/nix/store/ynxa247j0dca76aqb5qpk49zmwwrgd57-direnv-2.37.1",
              "default": true
            }
          ],
          "store_path": "/nix/store/ynxa247j0dca76aqb5qpk49zmwwrgd57-direnv-2.37.1"
        },
        "aarch64-linux": {
          "outputs": [
            {
              "name": "out",
              "path": "/nix/store/idpp1vkv35s01jwhd1wlnc59zw4fyr7b-direnv-2.37.1",
              "default": true
            }
          ],
          "store_path": "/nix/store/idpp1vkv35s01jwhd1wlnc59zw4fyr7b-direnv-2.37.1"
        },
        "x86_64-darwin": {
          "outputs": [
            {
              "name": "out",
              "path": "/nix/store/qr7mlb0hvnwl266mvx8py0snyy0k6q9v-direnv-2.37.1",
              "default": true
            }
          ],
          "store_path": "/nix/store/qr7mlb0hvnwl266mvx8py0snyy0k6q9v-direnv-2.37.1"
        },
        "x86_64-linux": {
          "outputs": [
            {
              "name": "out",
              "path": "/nix/store/dvdlhzcb6yq1n29ilbmh154mnlxwx6z5-direnv-2.37.1",
              "default": true
            }
          ],
          "store_path": "/nix/store/dvdlhzcb6yq1n29ilbmh154mnlxwx6z5-direnv-2.37.1"
        }
      }
    },
    "fd@latest": {
      "last_modified": "2026-01-23T17:20:52Z",
      "resolved": "github:NixOS/nixpkgs/a1bab9e494f5f4939442a57a58d0449a109593fe#fd",
      "source": "devbox-search",
      "version": "10.3.0",
      "systems": {
        "aarch64-darwin": {
          "outputs": [
            {
              "name": "out",
              "path": "/nix/store/7zg0h5sa9q86r0x33aizxlsxjbkrr45h-fd-10.3.0",
              "default": true
            }
          ],
          "store_path": "/nix/store/7zg0h5sa9q86r0x33aizxlsxjbkrr45h-fd-10.3.0"
        },
        "aarch64-linux": {
          "outputs": [
            {
              "name": "out",
              "path": "/nix/store/y4gv838ils5zms79jcqyd839p0yq6v0b-fd-10.3.0",
              "default": true
            }
          ],
          "store_path": "/nix/store/y4gv838ils5zms79jcqyd839p0yq6v0b-fd-10.3.0"
        },
        "x86_64-darwin": {
          "outputs": [
            {
              "name": "out",
              "path": "/nix/store/m6g83gw3b35mkih422i3c8j5dadqpd8q-fd-10.3.0",
              "default": true
            }
          ],
          "store_path": "/nix/store/m6g83gw3b35mkih422i3c8j5dadqpd8q-fd-10.3.0"
        },
        "x86_64-linux": {
          "outputs": [
            {
              "name": "out",
              "path": "/nix/store/yazhl9gb5lpdgm220nm4202imc2k2cz1-fd-10.3.0",
              "default": true
            }
          ],
          "store_path": "/nix/store/yazhl9gb5lpdgm220nm4202imc2k2cz1-fd-10.3.0"
        }
      }
    },
    "fzf@latest": {
      "last_modified": "2026-01-23T17:20:52Z",
      "resolved": "github:NixOS/nixpkgs/a1bab9e494f5f4939442a57a58d0449a109593fe#fzf",
      "source": "devbox-search",
      "version": "0.67.0",
      "systems": {
        "aarch64-darwin": {
          "outputs": [
            {
              "name": "out",
              "path": "/nix/store/fj9vnxvfa248wb0x6ybcmx3axpw77llb-fzf-0.67.0",
              "default": true
            },
            {
              "name": "man",
              "path": "/nix/store/gi5f7jyadrfnhh6vsjgiv3675hyc3ni4-fzf-0.67.0-man",
              "default": true
            }
          ],
          "store_path": "/nix/store/fj9vnxvfa248wb0x6ybcmx3axpw77llb-fzf-0.67.0"
        },
        "aarch64-linux": {
          "outputs": [
            {
              "name": "out",
              "path": "/nix/store/pqm4w4ll8wgvvaj15y9gw5ys46pc9qhx-fzf-0.67.0",
              "default": true
            },
            {
              "name": "man",
              "path": "/nix/store/y5yb7xq5687ijzqc4ydb8g17l5ycs06h-fzf-0.67.0-man",
              "default": true
            }
          ],
          "store_path": "/nix/store/pqm4w4ll8wgvvaj15y9gw5ys46pc9qhx-fzf-0.67.0"
        },
        "x86_64-darwin": {
          "outputs": [
            {
              "name": "out",
              "path": "/nix/store/09063ix98aj0ng4qyknhhj32a28kg17k-fzf-0.67.0",
              "default": true
            },
            {
              "name": "man",
              "path": "/nix/store/wd5mc4rzcms3j6dk4vq39bjl135n1l9j-fzf-0.67.0-man",
              "default": true
            }
          ],
          "store_path": "/nix/store/09063ix98aj0ng4qyknhhj32a28kg17k-fzf-0.67.0"
        },
        "x86_64-linux": {
          "outputs": [
            {
              "name": "out",
              "path": "/nix/store/98zgrv8ghd6dzqyc8qiral5vik844r17-fzf-0.67.0",
              "default": true
            },
            {
              "name": "man",
              "path": "/nix/store/0v5h7abs616jp4sq2wfcxq3ryc3vq5fl-fzf-0.67.0-man",
              "default": true
            }
          ],
          "store_path": "/nix/store/98zgrv8ghd6dzqyc8qiral5vik844r17-fzf-0.67.0"
        }
      }
    },
    "gh@latest": {
      "last_modified": "2026-01-23T17:20:52Z",
      "resolved": "github:NixOS/nixpkgs/a1bab9e494f5f4939442a57a58d0449a109593fe#gh",
      "source": "devbox-search",
      "version": "2.86.0",
      "systems": {
        "aarch64-darwin": {
          "outputs": [
            {
              "name": "out",
              "path": "/nix/store/y207r5sjcd81gfnsxxssgiiiwl6mcg6f-gh-2.86.0",
              "default": true
            }
          ],
          "store_path": "/nix/store/y207r5sjcd81gfnsxxssgiiiwl6mcg6f-gh-2.86.0"
        },
        "aarch64-linux": {
          "outputs": [
            {
              "name": "out",
              "path": "/nix/store/zx4plaf0z1yv06wdhxxhpbm7kmslm2r8-gh-2.86.0",
              "default": true
            }
          ],
          "store_path": "/nix/store/zx4plaf0z1yv06wdhxxhpbm7kmslm2r8-gh-2.86.0"
        },
        "x86_64-darwin": {
          "outputs": [
            {
              "name": "out",
              "path": "/nix/store/vhpac8ld4xkaa13bsrbwnyrmlcxsg57q-gh-2.86.0",
              "default": true
            }
          ],
          "store_path": "/nix/store/vhpac8ld4xkaa13bsrbwnyrmlcxsg57q-gh-2.86.0"
        },
        "x86_64-linux": {
          "outputs": [
            {
              "name": "out",
              "path": "/nix/store/xf3rb2kmk19092b1pf50ag0fsj2f6hpa-gh-2.86.0",
              "default": true
            }
          ],
          "store_path": "/nix/store/xf3rb2kmk19092b1pf50ag0fsj2f6hpa-gh-2.86.0"
        }
      }
    },
    "ghq@latest": {
      "last_modified": "2026-01-23T17:20:52Z",
      "resolved": "github:NixOS/nixpkgs/a1bab9e494f5f4939442a57a58d0449a109593fe#ghq",
      "source": "devbox-search",
      "version": "1.8.0",
      "systems": {
        "aarch64-darwin": {
          "outputs": [
            {
              "name": "out",
              "path": "/nix/store/k17q9g7pl60jqwbisnqbjz2x5ipjgli9-ghq-1.8.0",
              "default": true
            }
          ],
          "store_path": "/nix/store/k17q9g7pl60jqwbisnqbjz2x5ipjgli9-ghq-1.8.0"
        },
        "aarch64-linux": {
          "outputs": [
            {
              "name": "out",
              "path": "/nix/store/dz1zgigyim40kg7121xhykjidjx251qa-ghq-1.8.0",
              "default": true
            }
          ],
          "store_path": "/nix/store/dz1zgigyim40kg7121xhykjidjx251qa-ghq-1.8.0"
        },
        "x86_64-darwin": {
          "outputs": [
            {
              "name": "out",
              "path": "/nix/store/slafplpdkwzsy15a1fp3xvymmzhc5ggg-ghq-1.8.0",
              "default": true
            }
          ],
          "store_path": "/nix/store/slafplpdkwzsy15a1fp3xvymmzhc5ggg-ghq-1.8.0"
        },
        "x86_64-linux": {
          "outputs": [
            {
              "name": "out",
              "path": "/nix/store/p61nacwr0vhy07bncsfiv7pwb5x9hwgd-ghq-1.8.0",
              "default": true
            }
          ],
          "store_path": "/nix/store/p61nacwr0vhy07bncsfiv7pwb5x9hwgd-ghq-1.8.0"
        }
      }
    },
    "git-secrets@latest": {
      "last_modified": "2026-01-23T17:20:52Z",
      "resolved": "github:NixOS/nixpkgs/a1bab9e494f5f4939442a57a58d0449a109593fe#git-secrets",
      "source": "devbox-search",
      "version": "1.3.0",
      "systems": {
        "aarch64-darwin": {
          "outputs": [
            {
              "name": "out",
              "path": "/nix/store/kv7ja5p2flx3jyrzws1rvj0f9rnx2bpv-git-secrets-1.3.0",
              "default": true
            }
          ],
          "store_path": "/nix/store/kv7ja5p2flx3jyrzws1rvj0f9rnx2bpv-git-secrets-1.3.0"
        },
        "aarch64-linux": {
          "outputs": [
            {
              "name": "out",
              "path": "/nix/store/djaiw85hdwbr1axj0iic651ipp1k5hv0-git-secrets-1.3.0",
              "default": true
            }
          ],
          "store_path": "/nix/store/djaiw85hdwbr1axj0iic651ipp1k5hv0-git-secrets-1.3.0"
        },
        "x86_64-darwin": {
          "outputs": [
            {
              "name": "out",
              "path": "/nix/store/d6a1rbwdgif1n175h6ikivcvmzjyrcn0-git-secrets-1.3.0",
              "default": true
            }
          ],
          "store_path": "/nix/store/d6a1rbwdgif1n175h6ikivcvmzjyrcn0-git-secrets-1.3.0"
        },
        "x86_64-linux": {
          "outputs": [
            {
              "name": "out",
              "path": "/nix/store/0ylk7s6vlxpr1zzhabpw01lsh44ivz8h-git-secrets-1.3.0",
              "default": true
            }
          ],
          "store_path": "/nix/store/0ylk7s6vlxpr1zzhabpw01lsh44ivz8h-git-secrets-1.3.0"
        }
      }
    },
    "github:NixOS/nixpkgs/nixpkgs-unstable": {
      "last_modified": "2026-02-06T12:24:04Z",
      "resolved": "github:NixOS/nixpkgs/ae67888ff7ef9dff69b3cf0cc0fbfbcd3a722abe?lastModified=1770380644"
    },
    "go@latest": {
      "last_modified": "2026-01-23T17:20:52Z",
      "resolved": "github:NixOS/nixpkgs/a1bab9e494f5f4939442a57a58d0449a109593fe#go",
      "source": "devbox-search",
      "version": "1.25.5",
      "systems": {
        "aarch64-darwin": {
          "outputs": [
            {
              "name": "out",
              "path": "/nix/store/wh88zz6r1ihcp2mm7ys1f2anp8aga6n2-go-1.25.5",
              "default": true
            }
          ],
          "store_path": "/nix/store/wh88zz6r1ihcp2mm7ys1f2anp8aga6n2-go-1.25.5"
        },
        "aarch64-linux": {
          "outputs": [
            {
              "name": "out",
              "path": "/nix/store/k3knzdi0v21bf2m7vcxpdy1jnqg1h0zk-go-1.25.5",
              "default": true
            }
          ],
          "store_path": "/nix/store/k3knzdi0v21bf2m7vcxpdy1jnqg1h0zk-go-1.25.5"
        },
        "x86_64-darwin": {
          "outputs": [
            {
              "name": "out",
              "path": "/nix/store/bwdahzajhqd5x14dbvkqww5f1wpsxif3-go-1.25.5",
              "default": true
            }
          ],
          "store_path": "/nix/store/bwdahzajhqd5x14dbvkqww5f1wpsxif3-go-1.25.5"
        },
        "x86_64-linux": {
          "outputs": [
            {
              "name": "out",
              "path": "/nix/store/zzvsjgylnphvhms3lgr2qlwdxmc68z66-go-1.25.5",
              "default": true
            }
          ],
          "store_path": "/nix/store/zzvsjgylnphvhms3lgr2qlwdxmc68z66-go-1.25.5"
        }
      }
    },
    "haskell-language-server@latest": {
      "last_modified": "2026-01-23T17:20:52Z",
      "resolved": "github:NixOS/nixpkgs/a1bab9e494f5f4939442a57a58d0449a109593fe#haskell-language-server",
      "source": "devbox-search",
      "version": "2.12.0.0",
      "systems": {
        "aarch64-darwin": {
          "outputs": [
            {
              "name": "out",
              "path": "/nix/store/ikh7bh436kjjqnmkwg0v727q0rpqvhjx-haskell-language-server-2.12.0.0",
              "default": true
            }
          ],
          "store_path": "/nix/store/ikh7bh436kjjqnmkwg0v727q0rpqvhjx-haskell-language-server-2.12.0.0"
        },
        "aarch64-linux": {
          "outputs": [
            {
              "name": "out",
              "path": "/nix/store/8zhbi142294zxh2kirs6h0kg0j3ws6bp-haskell-language-server-2.12.0.0",
              "default": true
            }
          ],
          "store_path": "/nix/store/8zhbi142294zxh2kirs6h0kg0j3ws6bp-haskell-language-server-2.12.0.0"
        },
        "x86_64-darwin": {
          "outputs": [
            {
              "name": "out",
              "path": "/nix/store/g8j09rczs87390rwfzsq8spmm5bxxk6c-haskell-language-server-2.12.0.0",
              "default": true
            }
          ],
          "store_path": "/nix/store/g8j09rczs87390rwfzsq8spmm5bxxk6c-haskell-language-server-2.12.0.0"
        },
        "x86_64-linux": {
          "outputs": [
            {
              "name": "out",
              "path": "/nix/store/wqq87jb36qf6mhmf1an4vj3s6j5rag28-haskell-language-server-2.12.0.0",
              "default": true
            }
          ],
          "store_path": "/nix/store/wqq87jb36qf6mhmf1an4vj3s6j5rag28-haskell-language-server-2.12.0.0"
        }
      }
    },
    "hexyl@latest": {
      "last_modified": "2026-01-23T17:20:52Z",
      "resolved": "github:NixOS/nixpkgs/a1bab9e494f5f4939442a57a58d0449a109593fe#hexyl",
      "source": "devbox-search",
      "version": "0.16.0",
      "systems": {
        "aarch64-darwin": {
          "outputs": [
            {
              "name": "out",
              "path": "/nix/store/gr9l6jmda70hyk7zhlsak03wrlyhxq0p-hexyl-0.16.0",
              "default": true
            }
          ],
          "store_path": "/nix/store/gr9l6jmda70hyk7zhlsak03wrlyhxq0p-hexyl-0.16.0"
        },
        "aarch64-linux": {
          "outputs": [
            {
              "name": "out",
              "path": "/nix/store/9dp79vpwv5lxzyqp8ip92adx93mfgadf-hexyl-0.16.0",
              "default": true
            }
          ],
          "store_path": "/nix/store/9dp79vpwv5lxzyqp8ip92adx93mfgadf-hexyl-0.16.0"
        },
        "x86_64-darwin": {
          "outputs": [
            {
              "name": "out",
              "path": "/nix/store/qnda7c3mcyb94zg8a1dxvy13gilc4wwm-hexyl-0.16.0",
              "default": true
            }
          ],
          "store_path": "/nix/store/qnda7c3mcyb94zg8a1dxvy13gilc4wwm-hexyl-0.16.0"
        },
        "x86_64-linux": {
          "outputs": [
            {
              "name": "out",
              "path": "/nix/store/q6avyh3jdzyaxb4qx6c4q6kyy1qq1rm2-hexyl-0.16.0",
              "default": true
            }
          ],
          "store_path": "/nix/store/q6avyh3jdzyaxb4qx6c4q6kyy1qq1rm2-hexyl-0.16.0"
        }
      }
    },
    "lazydocker@latest": {
      "last_modified": "2026-01-23T17:20:52Z",
      "resolved": "github:NixOS/nixpkgs/a1bab9e494f5f4939442a57a58d0449a109593fe#lazydocker",
      "source": "devbox-search",
      "version": "0.24.4",
      "systems": {
        "aarch64-darwin": {
          "outputs": [
            {
              "name": "out",
              "path": "/nix/store/bg6cgsxd3pwyl1yvhhfp7kmsfh44i4h6-lazydocker-0.24.4",
              "default": true
            }
          ],
          "store_path": "/nix/store/bg6cgsxd3pwyl1yvhhfp7kmsfh44i4h6-lazydocker-0.24.4"
        },
        "aarch64-linux": {
          "outputs": [
            {
              "name": "out",
              "path": "/nix/store/7lmaif03fp2yhcs47v90iicvlsxwhkzh-lazydocker-0.24.4",
              "default": true
            }
          ],
          "store_path": "/nix/store/7lmaif03fp2yhcs47v90iicvlsxwhkzh-lazydocker-0.24.4"
        },
        "x86_64-darwin": {
          "outputs": [
            {
              "name": "out",
              "path": "/nix/store/kxy675a4ya3yfpigv30lyfbgxn4qaml4-lazydocker-0.24.4",
              "default": true
            }
          ],
          "store_path": "/nix/store/kxy675a4ya3yfpigv30lyfbgxn4qaml4-lazydocker-0.24.4"
        },
        "x86_64-linux": {
          "outputs": [
            {
              "name": "out",
              "path": "/nix/store/mzxy5idl3s8jq8ynvhvik72y9h80bslv-lazydocker-0.24.4",
              "default": true
            }
          ],
          "store_path": "/nix/store/mzxy5idl3s8jq8ynvhvik72y9h80bslv-lazydocker-0.24.4"
        }
      }
    },
    "lazygit@latest": {
      "last_modified": "2026-01-23T17:20:52Z",
      "resolved": "github:NixOS/nixpkgs/a1bab9e494f5f4939442a57a58d0449a109593fe#lazygit",
      "source": "devbox-search",
      "version": "0.58.1",
      "systems": {
        "aarch64-darwin": {
          "outputs": [
            {
              "name": "out",
              "path": "/nix/store/g7sdbs75b9rmi32k7lafn8wa7sscpppc-lazygit-0.58.1",
              "default": true
            }
          ],
          "store_path": "/nix/store/g7sdbs75b9rmi32k7lafn8wa7sscpppc-lazygit-0.58.1"
        },
        "aarch64-linux": {
          "outputs": [
            {
              "name": "out",
              "path": "/nix/store/xxal99hsb0bgwd06rjnlbnlak83hdr7i-lazygit-0.58.1",
              "default": true
            }
          ],
          "store_path": "/nix/store/xxal99hsb0bgwd06rjnlbnlak83hdr7i-lazygit-0.58.1"
        },
        "x86_64-darwin": {
          "outputs": [
            {
              "name": "out",
              "path": "/nix/store/5n7dsjbvpgdzsg94w5hxidm8lpmb7x6z-lazygit-0.58.1",
              "default": true
            }
          ],
          "store_path": "/nix/store/5n7dsjbvpgdzsg94w5hxidm8lpmb7x6z-lazygit-0.58.1"
        },
        "x86_64-linux": {
          "outputs": [
            {
              "name": "out",
              "path": "/nix/store/l55q05b9lfb5f8rrk8dhd3n51b9rwbq6-lazygit-0.58.1",
              "default": true
            }
          ],
          "store_path": "/nix/store/l55q05b9lfb5f8rrk8dhd3n51b9rwbq6-lazygit-0.58.1"
        }
      }
    },
    "lua54Packages.lua@latest": {
      "last_modified": "2026-01-23T17:20:52Z",
      "resolved": "github:NixOS/nixpkgs/a1bab9e494f5f4939442a57a58d0449a109593fe#lua54Packages.lua",
      "source": "devbox-search",
      "version": "5.4.7",
      "systems": {
        "aarch64-darwin": {
          "outputs": [
            {
              "name": "out",
              "path": "/nix/store/56nbvmwxphmhpkc90c8f44134b3dv50w-lua-5.4.7",
              "default": true
            },
            {
              "name": "doc",
              "path": "/nix/store/kqw9ldvam6885kv9rcd9fnxl50r0rfz4-lua-5.4.7-doc"
            }
          ],
          "store_path": "/nix/store/56nbvmwxphmhpkc90c8f44134b3dv50w-lua-5.4.7"
        },
        "aarch64-linux": {
          "outputs": [
            {
              "name": "out",
              "path": "/nix/store/ssicazaiqn99dws2n30fsqmn638q4pq3-lua-5.4.7",
              "default": true
            },
            {
              "name": "doc",
              "path": "/nix/store/b4js9gmv020y38a9r8zfiqfwqrg7kj06-lua-5.4.7-doc"
            }
          ],
          "store_path": "/nix/store/ssicazaiqn99dws2n30fsqmn638q4pq3-lua-5.4.7"
        },
        "x86_64-darwin": {
          "outputs": [
            {
              "name": "out",
              "path": "/nix/store/0w8yv84h0ys89za8msnhjx01yhclkhpg-lua-5.4.7",
              "default": true
            },
            {
              "name": "doc",
              "path": "/nix/store/ipgwv61r59y8z88riny4cqa7mqaxmjmr-lua-5.4.7-doc"
            }
          ],
          "store_path": "/nix/store/0w8yv84h0ys89za8msnhjx01yhclkhpg-lua-5.4.7"
        },
        "x86_64-linux": {
          "outputs": [
            {
              "name": "out",
              "path": "/nix/store/zfhlib8ny0gi1b00ncw16d41jr88a5ps-lua-5.4.7",
              "default": true
            },
            {
              "name": "doc",
              "path": "/nix/store/r4s7w8mqb66mjn9kkl585v11y98zr3ff-lua-5.4.7-doc"
            }
          ],
          "store_path": "/nix/store/zfhlib8ny0gi1b00ncw16d41jr88a5ps-lua-5.4.7"
        }
      }
    },
    "lua54Packages.luarocks@latest": {
      "last_modified": "2026-01-23T17:20:52Z",
      "resolved": "github:NixOS/nixpkgs/a1bab9e494f5f4939442a57a58d0449a109593fe#lua54Packages.luarocks",
      "source": "devbox-search",
      "version": "3.13.0-1",
      "systems": {
        "aarch64-darwin": {
          "outputs": [
            {
              "name": "out",
              "path": "/nix/store/d6gfddjhra6h5x0b39b1ywchn3kdj444-lua5.4-luarocks-3.13.0-1",
              "default": true
            }
          ],
          "store_path": "/nix/store/d6gfddjhra6h5x0b39b1ywchn3kdj444-lua5.4-luarocks-3.13.0-1"
        },
        "aarch64-linux": {
          "outputs": [
            {
              "name": "out",
              "path": "/nix/store/wbs44rsgld40kn8miqilvkvlv26sw8k9-lua5.4-luarocks-3.13.0-1",
              "default": true
            }
          ],
          "store_path": "/nix/store/wbs44rsgld40kn8miqilvkvlv26sw8k9-lua5.4-luarocks-3.13.0-1"
        },
        "x86_64-darwin": {
          "outputs": [
            {
              "name": "out",
              "path": "/nix/store/n4c8b9aizfzjvr5dghfb17wsrsckihjs-lua5.4-luarocks-3.13.0-1",
              "default": true
            }
          ],
          "store_path": "/nix/store/n4c8b9aizfzjvr5dghfb17wsrsckihjs-lua5.4-luarocks-3.13.0-1"
        },
        "x86_64-linux": {
          "outputs": [
            {
              "name": "out",
              "path": "/nix/store/q7pia3jh91y4jrsirh0iqdxb0vn1wanc-lua5.4-luarocks-3.13.0-1",
              "default": true
            }
          ],
          "store_path": "/nix/store/q7pia3jh91y4jrsirh0iqdxb0vn1wanc-lua5.4-luarocks-3.13.0-1"
        }
      }
    },
    "neovim@latest": {
      "last_modified": "2026-01-27T15:18:14Z",
      "resolved": "github:NixOS/nixpkgs/afce96367b2e37fc29afb5543573cd49db3357b7#neovim",
      "source": "devbox-search",
      "version": "0.11.6",
      "systems": {
        "aarch64-darwin": {
          "outputs": [
            {
              "name": "out",
              "path": "/nix/store/kx83ksjgs28dr2cd5crwq0if4dnsrcxz-neovim-0.11.6",
              "default": true
            }
          ],
          "store_path": "/nix/store/kx83ksjgs28dr2cd5crwq0if4dnsrcxz-neovim-0.11.6"
        },
        "aarch64-linux": {
          "outputs": [
            {
              "name": "out",
              "path": "/nix/store/xnjaf8hpb4mc1zxaylahiz77k3qkki7w-neovim-0.11.6",
              "default": true
            }
          ],
          "store_path": "/nix/store/xnjaf8hpb4mc1zxaylahiz77k3qkki7w-neovim-0.11.6"
        },
        "x86_64-darwin": {
          "outputs": [
            {
              "name": "out",
              "path": "/nix/store/yslnqf4mbxrqmg0im3yhvbyf71m9199f-neovim-0.11.6",
              "default": true
            }
          ],
          "store_path": "/nix/store/yslnqf4mbxrqmg0im3yhvbyf71m9199f-neovim-0.11.6"
        },
        "x86_64-linux": {
          "outputs": [
            {
              "name": "out",
              "path": "/nix/store/a3ncnk80dqqcnv3jvhdky8ydbabwg7xp-neovim-0.11.6",
              "default": true
            }
          ],
          "store_path": "/nix/store/a3ncnk80dqqcnv3jvhdky8ydbabwg7xp-neovim-0.11.6"
        }
      }
    },
    "nodejs@22": {
      "last_modified": "2026-01-26T13:12:53Z",
      "plugin_version": "0.0.2",
      "resolved": "github:NixOS/nixpkgs/13b0f9e6ac78abbbb736c635d87845c4f4bee51b#nodejs_22",
      "source": "devbox-search",
      "version": "22.22.0",
      "systems": {
        "aarch64-darwin": {
          "outputs": [
            {
              "name": "out",
              "path": "/nix/store/zphm4748w514z6p9g073f673sjl338gm-nodejs-22.22.0",
              "default": true
            },
            {
              "name": "dev",
              "path": "/nix/store/pp6k9i2dpr8rimfl5dhrpm8y2384g8l3-nodejs-22.22.0-dev"
            },
            {
              "name": "libv8",
              "path": "/nix/store/f5mnrbcj44qx8pb0xj9g71cb0ffxrmd0-nodejs-22.22.0-libv8"
            }
          ],
          "store_path": "/nix/store/zphm4748w514z6p9g073f673sjl338gm-nodejs-22.22.0"
        },
        "aarch64-linux": {
          "outputs": [
            {
              "name": "out",
              "path": "/nix/store/2hzivwi1fq7gyn42nxf1299ydza2qvqq-nodejs-22.22.0",
              "default": true
            },
            {
              "name": "dev",
              "path": "/nix/store/4m4b63ix1kljgcap8zhbpiy4xvg90n1r-nodejs-22.22.0-dev"
            },
            {
              "name": "libv8",
              "path": "/nix/store/xl8f6lq0p5lf1dixhd9rhxzkvx4lzpzl-nodejs-22.22.0-libv8"
            }
          ],
          "store_path": "/nix/store/2hzivwi1fq7gyn42nxf1299ydza2qvqq-nodejs-22.22.0"
        },
        "x86_64-darwin": {
          "outputs": [
            {
              "name": "out",
              "path": "/nix/store/2jw64xbn385nrg0dkinyxy1dk57zib21-nodejs-22.22.0",
              "default": true
            },
            {
              "name": "dev",
              "path": "/nix/store/vaq9lp4bchqhvfbfjws5rx2qwx6m57pn-nodejs-22.22.0-dev"
            },
            {
              "name": "libv8",
              "path": "/nix/store/q81bvbbawxkm3kb741x4wmxvyyxd8w51-nodejs-22.22.0-libv8"
            }
          ],
          "store_path": "/nix/store/2jw64xbn385nrg0dkinyxy1dk57zib21-nodejs-22.22.0"
        },
        "x86_64-linux": {
          "outputs": [
            {
              "name": "out",
              "path": "/nix/store/cv3yxgf7zp70wk8d8lg5zi84lg35nyxs-nodejs-22.22.0",
              "default": true
            },
            {
              "name": "dev",
              "path": "/nix/store/azkh9xkfaphcs7cj5l43rh4a92zjc510-nodejs-22.22.0-dev"
            },
            {
              "name": "libv8",
              "path": "/nix/store/vzddff6gppvny62qsvr1sgqq629laz12-nodejs-22.22.0-libv8"
            }
          ],
          "store_path": "/nix/store/cv3yxgf7zp70wk8d8lg5zi84lg35nyxs-nodejs-22.22.0"
        }
      }
    },
    "python@latest": {
      "last_modified": "2026-01-23T17:20:52Z",
      "plugin_version": "0.0.4",
      "resolved": "github:NixOS/nixpkgs/a1bab9e494f5f4939442a57a58d0449a109593fe#python314",
      "source": "devbox-search",
      "version": "3.14.2",
      "systems": {
        "aarch64-darwin": {
          "outputs": [
            {
              "name": "out",
              "path": "/nix/store/8bwmgvfcyys3kfia055ih7gask3fid7s-python3-3.14.2",
              "default": true
            }
          ],
          "store_path": "/nix/store/8bwmgvfcyys3kfia055ih7gask3fid7s-python3-3.14.2"
        },
        "aarch64-linux": {
          "outputs": [
            {
              "name": "out",
              "path": "/nix/store/9zj2a40gbfh9scynfmfs1s9wx2q01yv3-python3-3.14.2",
              "default": true
            },
            {
              "name": "debug",
              "path": "/nix/store/j8ryg1l3z8ibf9rn848y1vll0f0wcab7-python3-3.14.2-debug"
            }
          ],
          "store_path": "/nix/store/9zj2a40gbfh9scynfmfs1s9wx2q01yv3-python3-3.14.2"
        },
        "x86_64-darwin": {
          "outputs": [
            {
              "name": "out",
              "path": "/nix/store/0mnhsagxg8cp6cr9g0fz2dihw469ih8s-python3-3.14.2",
              "default": true
            }
          ],
          "store_path": "/nix/store/0mnhsagxg8cp6cr9g0fz2dihw469ih8s-python3-3.14.2"
        },
        "x86_64-linux": {
          "outputs": [
            {
              "name": "out",
              "path": "/nix/store/hd3h6gjpy7pf5himwf8sfqb3108pz5ld-python3-3.14.2",
              "default": true
            },
            {
              "name": "debug",
              "path": "/nix/store/2wvc4f32yycchbip56mlxixjm2sdzw2y-python3-3.14.2-debug"
            }
          ],
          "store_path": "/nix/store/hd3h6gjpy7pf5himwf8sfqb3108pz5ld-python3-3.14.2"
        }
      }
    },
    "ripgrep@latest": {
      "last_modified": "2026-01-23T17:20:52Z",
      "resolved": "github:NixOS/nixpkgs/a1bab9e494f5f4939442a57a58d0449a109593fe#ripgrep",
      "source": "devbox-search",
      "version": "15.1.0",
      "systems": {
        "aarch64-darwin": {
          "outputs": [
            {
              "name": "out",
              "path": "/nix/store/hz3dwqiwxw84mh82j1bnvxlca2ghmhkh-ripgrep-15.1.0",
              "default": true
            }
          ],
          "store_path": "/nix/store/hz3dwqiwxw84mh82j1bnvxlca2ghmhkh-ripgrep-15.1.0"
        },
        "aarch64-linux": {
          "outputs": [
            {
              "name": "out",
              "path": "/nix/store/lg9npvx2ddljsd98a370x8di92kc9xbj-ripgrep-15.1.0",
              "default": true
            }
          ],
          "store_path": "/nix/store/lg9npvx2ddljsd98a370x8di92kc9xbj-ripgrep-15.1.0"
        },
        "x86_64-darwin": {
          "outputs": [
            {
              "name": "out",
              "path": "/nix/store/iwgyg59m9na9wp424crxxj0dcmhi4ryd-ripgrep-15.1.0",
              "default": true
            }
          ],
          "store_path": "/nix/store/iwgyg59m9na9wp424crxxj0dcmhi4ryd-ripgrep-15.1.0"
        },
        "x86_64-linux": {
          "outputs": [
            {
              "name": "out",
              "path": "/nix/store/5ij40vzd46x6psvdv5yg5gr6igrpwyd4-ripgrep-15.1.0",
              "default": true
            }
          ],
          "store_path": "/nix/store/5ij40vzd46x6psvdv5yg5gr6igrpwyd4-ripgrep-15.1.0"
        }
      }
    },
    "rust-analyzer@latest": {
      "last_modified": "2026-01-23T17:20:52Z",
      "resolved": "github:NixOS/nixpkgs/a1bab9e494f5f4939442a57a58d0449a109593fe#rust-analyzer",
      "source": "devbox-search",
      "version": "2026-01-19",
      "systems": {
        "aarch64-darwin": {
          "outputs": [
            {
              "name": "out",
              "path": "/nix/store/h1a9cn7q71l5amq7fajlji3mllq8jywj-rust-analyzer-2026-01-19",
              "default": true
            }
          ],
          "store_path": "/nix/store/h1a9cn7q71l5amq7fajlji3mllq8jywj-rust-analyzer-2026-01-19"
        },
        "aarch64-linux": {
          "outputs": [
            {
              "name": "out",
              "path": "/nix/store/ki6ad4p3r2xgp1c9phz1x13hvblywfqj-rust-analyzer-2026-01-19",
              "default": true
            }
          ],
          "store_path": "/nix/store/ki6ad4p3r2xgp1c9phz1x13hvblywfqj-rust-analyzer-2026-01-19"
        },
        "x86_64-darwin": {
          "outputs": [
            {
              "name": "out",
              "path": "/nix/store/gl5zcm6i6qpckbi3w7spbpvlkfy5g1l5-rust-analyzer-2026-01-19",
              "default": true
            }
          ],
          "store_path": "/nix/store/gl5zcm6i6qpckbi3w7spbpvlkfy5g1l5-rust-analyzer-2026-01-19"
        },
        "x86_64-linux": {
          "outputs": [
            {
              "name": "out",
              "path": "/nix/store/yckv4qajylxm06wv4xsd7zbiq731l2gn-rust-analyzer-2026-01-19",
              "default": true
            }
          ],
          "store_path": "/nix/store/yckv4qajylxm06wv4xsd7zbiq731l2gn-rust-analyzer-2026-01-19"
        }
      }
    },
    "stack@latest": {
      "last_modified": "2026-01-23T17:20:52Z",
      "resolved": "github:NixOS/nixpkgs/a1bab9e494f5f4939442a57a58d0449a109593fe#stack",
      "source": "devbox-search",
      "version": "3.7.1",
      "systems": {
        "aarch64-darwin": {
          "outputs": [
            {
              "path": "/nix/store/vxkvyx5i0vz5vlvmq10065hi0xg2mbgn-stack-3.7.1",
              "default": true
            }
          ]
        },
        "aarch64-linux": {
          "outputs": [
            {
              "name": "out",
              "path": "/nix/store/m040cnbjqbdvxah7bmwyv5qd18kf77fb-stack-3.7.1",
              "default": true
            }
          ],
          "store_path": "/nix/store/m040cnbjqbdvxah7bmwyv5qd18kf77fb-stack-3.7.1"
        },
        "x86_64-darwin": {
          "outputs": [
            {
              "name": "out",
              "path": "/nix/store/gwkndssycxs933m1wngz97f59gw4ddin-stack-3.7.1",
              "default": true
            }
          ],
          "store_path": "/nix/store/gwkndssycxs933m1wngz97f59gw4ddin-stack-3.7.1"
        },
        "x86_64-linux": {
          "outputs": [
            {
              "name": "out",
              "path": "/nix/store/nw504s59vg0c3cj0y2h7dix6w09jrk6w-stack-3.7.1",
              "default": true
            }
          ],
          "store_path": "/nix/store/nw504s59vg0c3cj0y2h7dix6w09jrk6w-stack-3.7.1"
        }
      }
    },
    "terraform@latest": {
      "last_modified": "2026-01-30T02:32:49Z",
      "resolved": "github:NixOS/nixpkgs/6308c3b21396534d8aaeac46179c14c439a89b8a#terraform",
      "source": "devbox-search",
      "version": "1.14.4",
      "systems": {
        "aarch64-darwin": {
          "outputs": [
            {
              "name": "out",
              "path": "/nix/store/y4q7lr5jkhdk3yzcv7xgyndszc8hm9sy-terraform-1.14.4",
              "default": true
            }
          ],
          "store_path": "/nix/store/y4q7lr5jkhdk3yzcv7xgyndszc8hm9sy-terraform-1.14.4"
        },
        "aarch64-linux": {
          "outputs": [
            {
              "name": "out",
              "path": "/nix/store/apv0hq2impwj1ik53zh9wx0mgvxfqxv7-terraform-1.14.4",
              "default": true
            }
          ],
          "store_path": "/nix/store/apv0hq2impwj1ik53zh9wx0mgvxfqxv7-terraform-1.14.4"
        },
        "x86_64-darwin": {
          "outputs": [
            {
              "name": "out",
              "path": "/nix/store/ljr2xvpqz7ac0n5bqk01qj3i6bpnkhgc-terraform-1.14.4",
              "default": true
            }
          ],
          "store_path": "/nix/store/ljr2xvpqz7ac0n5bqk01qj3i6bpnkhgc-terraform-1.14.4"
        },
        "x86_64-linux": {
          "outputs": [
            {
              "name": "out",
              "path": "/nix/store/9nw96rdpppxfy4qzw2xnplf39p7dpmsv-terraform-1.14.4",
              "default": true
            }
          ],
          "store_path": "/nix/store/9nw96rdpppxfy4qzw2xnplf39p7dpmsv-terraform-1.14.4"
        }
      }
    },
    "uv@latest": {
      "last_modified": "2026-01-30T02:32:49Z",
      "resolved": "github:NixOS/nixpkgs/6308c3b21396534d8aaeac46179c14c439a89b8a#uv",
      "source": "devbox-search",
      "version": "0.9.27",
      "systems": {
        "aarch64-darwin": {
          "outputs": [
            {
              "name": "out",
              "path": "/nix/store/bj9jidx7h317hmnz220qpka6850sjvi1-uv-0.9.27",
              "default": true
            }
          ],
          "store_path": "/nix/store/bj9jidx7h317hmnz220qpka6850sjvi1-uv-0.9.27"
        },
        "aarch64-linux": {
          "outputs": [
            {
              "name": "out",
              "path": "/nix/store/2703hnsgll85c1rpzzqycnmp0jvy579z-uv-0.9.27",
              "default": true
            }
          ],
          "store_path": "/nix/store/2703hnsgll85c1rpzzqycnmp0jvy579z-uv-0.9.27"
        },
        "x86_64-darwin": {
          "outputs": [
            {
              "name": "out",
              "path": "/nix/store/il24573a65xa0bfy2d6kli6nvnx80qhv-uv-0.9.27",
              "default": true
            }
          ],
          "store_path": "/nix/store/il24573a65xa0bfy2d6kli6nvnx80qhv-uv-0.9.27"
        },
        "x86_64-linux": {
          "outputs": [
            {
              "name": "out",
              "path": "/nix/store/k9b6fbx5pzj04fws4na77i4pb5l64li8-uv-0.9.27",
              "default": true
            }
          ],
          "store_path": "/nix/store/k9b6fbx5pzj04fws4na77i4pb5l64li8-uv-0.9.27"
        }
      }
    },
    "yazi@latest": {
      "last_modified": "2026-01-23T17:20:52Z",
      "resolved": "github:NixOS/nixpkgs/a1bab9e494f5f4939442a57a58d0449a109593fe#yazi",
      "source": "devbox-search",
      "version": "26.1.22",
      "systems": {
        "aarch64-darwin": {
          "outputs": [
            {
              "name": "out",
              "path": "/nix/store/kmxlhmcfjjba06xxb0fk4shdi5dm53a0-yazi-26.1.22",
              "default": true
            }
          ],
          "store_path": "/nix/store/kmxlhmcfjjba06xxb0fk4shdi5dm53a0-yazi-26.1.22"
        },
        "aarch64-linux": {
          "outputs": [
            {
              "name": "out",
              "path": "/nix/store/v7ml0gf70f4xabsml6ph9vf3m25mkmpp-yazi-26.1.22",
              "default": true
            }
          ],
          "store_path": "/nix/store/v7ml0gf70f4xabsml6ph9vf3m25mkmpp-yazi-26.1.22"
        },
        "x86_64-darwin": {
          "outputs": [
            {
              "name": "out",
              "path": "/nix/store/n2j8j8j2vhrfqmqp3ibdi95icsvhr3kr-yazi-26.1.22",
              "default": true
            }
          ],
          "store_path": "/nix/store/n2j8j8j2vhrfqmqp3ibdi95icsvhr3kr-yazi-26.1.22"
        },
        "x86_64-linux": {
          "outputs": [
            {
              "name": "out",
              "path": "/nix/store/v1pazjgyyq022bjvm5cjb9jxbkd9nm68-yazi-26.1.22",
              "default": true
            }
          ],
          "store_path": "/nix/store/v1pazjgyyq022bjvm5cjb9jxbkd9nm68-yazi-26.1.22"
        }
      }
    }
  }
}
