{
  "lockfile_version": "1",
  "packages": {
    "delta@latest": {
      "last_modified": "2025-11-25T14:41:04Z",
      "resolved": "github:NixOS/nixpkgs/dc205f7b4fdb04c8b7877b43edb7b73be7730081#delta",
      "source": "devbox-search",
      "version": "0.18.2",
      "systems": {
        "aarch64-darwin": {
          "outputs": [
            {
              "name": "out",
              "path": "/nix/store/19fm5asrcyr50yqv7c989s8ybnf91j34-delta-0.18.2",
              "default": true
            }
          ],
          "store_path": "/nix/store/19fm5asrcyr50yqv7c989s8ybnf91j34-delta-0.18.2"
        },
        "aarch64-linux": {
          "outputs": [
            {
              "name": "out",
              "path": "/nix/store/jmzycv096b7xf8z4b5fk9k9wk40hgc11-delta-0.18.2",
              "default": true
            }
          ],
          "store_path": "/nix/store/jmzycv096b7xf8z4b5fk9k9wk40hgc11-delta-0.18.2"
        },
        "x86_64-darwin": {
          "outputs": [
            {
              "name": "out",
              "path": "/nix/store/dsir2h8lkj48ksnhhyx2f1xvgyl336ap-delta-0.18.2",
              "default": true
            }
          ],
          "store_path": "/nix/store/dsir2h8lkj48ksnhhyx2f1xvgyl336ap-delta-0.18.2"
        },
        "x86_64-linux": {
          "outputs": [
            {
              "name": "out",
              "path": "/nix/store/hfsr8bqqa9gaqwcsq5sjdfiqix7m8kqh-delta-0.18.2",
              "default": true
            }
          ],
          "store_path": "/nix/store/hfsr8bqqa9gaqwcsq5sjdfiqix7m8kqh-delta-0.18.2"
        }
      }
    },
    "fd@latest": {
      "last_modified": "2025-11-23T21:50:36Z",
      "resolved": "github:NixOS/nixpkgs/ee09932cedcef15aaf476f9343d1dea2cb77e261#fd",
      "source": "devbox-search",
      "version": "10.3.0",
      "systems": {
        "aarch64-darwin": {
          "outputs": [
            {
              "name": "out",
              "path": "/nix/store/afkk245ihvlsr1wnxk4l8n6wha4f9r4m-fd-10.3.0",
              "default": true
            }
          ],
          "store_path": "/nix/store/afkk245ihvlsr1wnxk4l8n6wha4f9r4m-fd-10.3.0"
        },
        "aarch64-linux": {
          "outputs": [
            {
              "name": "out",
              "path": "/nix/store/n15v3a8dfmccl23r1q5dzwdkah9bvcc4-fd-10.3.0",
              "default": true
            }
          ],
          "store_path": "/nix/store/n15v3a8dfmccl23r1q5dzwdkah9bvcc4-fd-10.3.0"
        },
        "x86_64-darwin": {
          "outputs": [
            {
              "name": "out",
              "path": "/nix/store/kckmjxlfmzx5iwkxbzs57c7hbyb1krsx-fd-10.3.0",
              "default": true
            }
          ],
          "store_path": "/nix/store/kckmjxlfmzx5iwkxbzs57c7hbyb1krsx-fd-10.3.0"
        },
        "x86_64-linux": {
          "outputs": [
            {
              "name": "out",
              "path": "/nix/store/027m34av4nx0246ia2qdbfygzy9dbikw-fd-10.3.0",
              "default": true
            }
          ],
          "store_path": "/nix/store/027m34av4nx0246ia2qdbfygzy9dbikw-fd-10.3.0"
        }
      }
    },
    "gh@latest": {
      "last_modified": "2025-12-11T04:04:52Z",
      "resolved": "github:NixOS/nixpkgs/5d6bdbddb4695a62f0d00a3620b37a15275a5093#gh",
      "source": "devbox-search",
      "version": "2.83.2",
      "systems": {
        "aarch64-darwin": {
          "outputs": [
            {
              "name": "out",
              "path": "/nix/store/v09g9zh0bwfjrfcq81k167jk8fnaql4x-gh-2.83.2",
              "default": true
            }
          ],
          "store_path": "/nix/store/v09g9zh0bwfjrfcq81k167jk8fnaql4x-gh-2.83.2"
        },
        "aarch64-linux": {
          "outputs": [
            {
              "name": "out",
              "path": "/nix/store/8a3gc9smfgmimvvsgjncij1p3hrkbycq-gh-2.83.2",
              "default": true
            }
          ],
          "store_path": "/nix/store/8a3gc9smfgmimvvsgjncij1p3hrkbycq-gh-2.83.2"
        },
        "x86_64-darwin": {
          "outputs": [
            {
              "name": "out",
              "path": "/nix/store/cc4glclba1gffbxddd8vyyh8k69c145w-gh-2.83.2",
              "default": true
            }
          ],
          "store_path": "/nix/store/cc4glclba1gffbxddd8vyyh8k69c145w-gh-2.83.2"
        },
        "x86_64-linux": {
          "outputs": [
            {
              "name": "out",
              "path": "/nix/store/1ga8sgks3i0iwdl33aazgql8gfsxnqjc-gh-2.83.2",
              "default": true
            }
          ],
          "store_path": "/nix/store/1ga8sgks3i0iwdl33aazgql8gfsxnqjc-gh-2.83.2"
        }
      }
    },
    "ghq@latest": {
      "last_modified": "2025-11-23T21:50:36Z",
      "resolved": "github:NixOS/nixpkgs/ee09932cedcef15aaf476f9343d1dea2cb77e261#ghq",
      "source": "devbox-search",
      "version": "1.8.0",
      "systems": {
        "aarch64-darwin": {
          "outputs": [
            {
              "name": "out",
              "path": "/nix/store/rps4s8ndk98wfsv93xgvcvlxrhklc8sv-ghq-1.8.0",
              "default": true
            }
          ],
          "store_path": "/nix/store/rps4s8ndk98wfsv93xgvcvlxrhklc8sv-ghq-1.8.0"
        },
        "aarch64-linux": {
          "outputs": [
            {
              "name": "out",
              "path": "/nix/store/0ki4hbvsw36ljrm8cim6l7ljwppprxk0-ghq-1.8.0",
              "default": true
            }
          ],
          "store_path": "/nix/store/0ki4hbvsw36ljrm8cim6l7ljwppprxk0-ghq-1.8.0"
        },
        "x86_64-darwin": {
          "outputs": [
            {
              "name": "out",
              "path": "/nix/store/4k2q2nr4l85b3gv7s74764g2fdppgbp8-ghq-1.8.0",
              "default": true
            }
          ],
          "store_path": "/nix/store/4k2q2nr4l85b3gv7s74764g2fdppgbp8-ghq-1.8.0"
        },
        "x86_64-linux": {
          "outputs": [
            {
              "name": "out",
              "path": "/nix/store/h4rypc8vvahkf4f4c726nkjzkapbv0zq-ghq-1.8.0",
              "default": true
            }
          ],
          "store_path": "/nix/store/h4rypc8vvahkf4f4c726nkjzkapbv0zq-ghq-1.8.0"
        }
      }
    },
    "github:NixOS/nixpkgs/nixpkgs-unstable": {
      "last_modified": "2025-12-27T12:56:01Z",
      "resolved": "github:NixOS/nixpkgs/3edc4a30ed3903fdf6f90c837f961fa6b49582d1?lastModified=1766840161"
    },
    "lazydocker@latest": {
      "last_modified": "2025-12-21T10:48:17Z",
      "resolved": "github:NixOS/nixpkgs/306ea70f9eb0fb4e040f8540e2deab32ed7e2055#lazydocker",
      "source": "devbox-search",
      "version": "0.24.3",
      "systems": {
        "aarch64-darwin": {
          "outputs": [
            {
              "name": "out",
              "path": "/nix/store/hsjmnn881q03mdvpw2l368frj5jgicx1-lazydocker-0.24.3",
              "default": true
            }
          ],
          "store_path": "/nix/store/hsjmnn881q03mdvpw2l368frj5jgicx1-lazydocker-0.24.3"
        },
        "aarch64-linux": {
          "outputs": [
            {
              "name": "out",
              "path": "/nix/store/0migx4wg3idn7c0fxc71709pyrhckrsi-lazydocker-0.24.3",
              "default": true
            }
          ],
          "store_path": "/nix/store/0migx4wg3idn7c0fxc71709pyrhckrsi-lazydocker-0.24.3"
        },
        "x86_64-darwin": {
          "outputs": [
            {
              "name": "out",
              "path": "/nix/store/4f8klskjaz5kvymgs7vh1rlsqak2q654-lazydocker-0.24.3",
              "default": true
            }
          ],
          "store_path": "/nix/store/4f8klskjaz5kvymgs7vh1rlsqak2q654-lazydocker-0.24.3"
        },
        "x86_64-linux": {
          "outputs": [
            {
              "name": "out",
              "path": "/nix/store/1xfj0z8s48kag30k8ssnibbckjc1g2bz-lazydocker-0.24.3",
              "default": true
            }
          ],
          "store_path": "/nix/store/1xfj0z8s48kag30k8ssnibbckjc1g2bz-lazydocker-0.24.3"
        }
      }
    },
    "lazygit@latest": {
      "last_modified": "2025-12-09T08:49:39Z",
      "resolved": "github:NixOS/nixpkgs/677fbe97984e7af3175b6c121f3c39ee5c8d62c9#lazygit",
      "source": "devbox-search",
      "version": "0.57.0",
      "systems": {
        "aarch64-darwin": {
          "outputs": [
            {
              "name": "out",
              "path": "/nix/store/5ksh90isk6lygyq2s1bz6s8798p2asc5-lazygit-0.57.0",
              "default": true
            }
          ],
          "store_path": "/nix/store/5ksh90isk6lygyq2s1bz6s8798p2asc5-lazygit-0.57.0"
        },
        "aarch64-linux": {
          "outputs": [
            {
              "name": "out",
              "path": "/nix/store/5ay3ws17k9kqkpjhf6pb2jhq1q389pkj-lazygit-0.57.0",
              "default": true
            }
          ],
          "store_path": "/nix/store/5ay3ws17k9kqkpjhf6pb2jhq1q389pkj-lazygit-0.57.0"
        },
        "x86_64-darwin": {
          "outputs": [
            {
              "name": "out",
              "path": "/nix/store/n0dpf3a5nkpzc1bkfqjby7rsdsfsvbj6-lazygit-0.57.0",
              "default": true
            }
          ],
          "store_path": "/nix/store/n0dpf3a5nkpzc1bkfqjby7rsdsfsvbj6-lazygit-0.57.0"
        },
        "x86_64-linux": {
          "outputs": [
            {
              "name": "out",
              "path": "/nix/store/9qy1h77adsm22sjajb9219s7ihx8swja-lazygit-0.57.0",
              "default": true
            }
          ],
          "store_path": "/nix/store/9qy1h77adsm22sjajb9219s7ihx8swja-lazygit-0.57.0"
        }
      }
    },
    "lua@latest": {
      "last_modified": "2025-11-23T21:50:36Z",
      "resolved": "github:NixOS/nixpkgs/ee09932cedcef15aaf476f9343d1dea2cb77e261#lua",
      "source": "devbox-search",
      "version": "5.2.4",
      "systems": {
        "aarch64-darwin": {
          "outputs": [
            {
              "name": "out",
              "path": "/nix/store/js4iznnjf19qy3m5nihaz9x6ill5128a-lua-5.2.4",
              "default": true
            },
            {
              "name": "doc",
              "path": "/nix/store/r23dyss1yw0vna9wykc1wdajz797s1hy-lua-5.2.4-doc"
            }
          ],
          "store_path": "/nix/store/js4iznnjf19qy3m5nihaz9x6ill5128a-lua-5.2.4"
        },
        "aarch64-linux": {
          "outputs": [
            {
              "name": "out",
              "path": "/nix/store/f4dcablqjgrjh2jfjgvy9z7v160q6fs0-lua-5.2.4",
              "default": true
            },
            {
              "name": "doc",
              "path": "/nix/store/ds6g7m74phs90w1cwcgwxvvk4m6a8n93-lua-5.2.4-doc"
            }
          ],
          "store_path": "/nix/store/f4dcablqjgrjh2jfjgvy9z7v160q6fs0-lua-5.2.4"
        },
        "x86_64-darwin": {
          "outputs": [
            {
              "name": "out",
              "path": "/nix/store/27dw25yvi6qw4sz7sxkm0p5bsgmfdlyw-lua-5.2.4",
              "default": true
            },
            {
              "name": "doc",
              "path": "/nix/store/lhs602rdnikz224pihlw4bkrvj6zzvpn-lua-5.2.4-doc"
            }
          ],
          "store_path": "/nix/store/27dw25yvi6qw4sz7sxkm0p5bsgmfdlyw-lua-5.2.4"
        },
        "x86_64-linux": {
          "outputs": [
            {
              "name": "out",
              "path": "/nix/store/6cz3r51xls9hrpz7ln5zplr5pj230rib-lua-5.2.4",
              "default": true
            },
            {
              "name": "doc",
              "path": "/nix/store/2c1fc35fpjzgavcb36dh7r96kprmv08k-lua-5.2.4-doc"
            }
          ],
          "store_path": "/nix/store/6cz3r51xls9hrpz7ln5zplr5pj230rib-lua-5.2.4"
        }
      }
    },
    "nodejs@22": {
      "last_modified": "2025-06-06T01:46:53Z",
      "plugin_version": "0.0.2",
      "resolved": "github:NixOS/nixpkgs/6ad174a6dc07c7742fc64005265addf87ad08615#nodejs_22",
      "source": "devbox-search",
      "version": "22.14.0",
      "systems": {
        "aarch64-darwin": {
          "outputs": [
            {
              "name": "out",
              "path": "/nix/store/g5bv4gi6p7ryhs2hbaryxs6ivsxa6lqc-nodejs-22.14.0",
              "default": true
            },
            {
              "name": "dev",
              "path": "/nix/store/96vpirdcns8zxdwzwl7n804012lwrf1n-nodejs-22.14.0-dev"
            },
            {
              "name": "libv8",
              "path": "/nix/store/xph2837xqjnra80mqlk64xp7vb3kkqxs-nodejs-22.14.0-libv8"
            }
          ],
          "store_path": "/nix/store/g5bv4gi6p7ryhs2hbaryxs6ivsxa6lqc-nodejs-22.14.0"
        },
        "aarch64-linux": {
          "outputs": [
            {
              "name": "out",
              "path": "/nix/store/cwb781xbp70f72njqh8vhvbsf1xq87i5-nodejs-22.14.0",
              "default": true
            },
            {
              "name": "dev",
              "path": "/nix/store/0w5mql46am2qai707a42q983l44l1h9z-nodejs-22.14.0-dev"
            },
            {
              "name": "libv8",
              "path": "/nix/store/vy56lahz381ayvw3hym3wj4r4ggv7gbk-nodejs-22.14.0-libv8"
            }
          ],
          "store_path": "/nix/store/cwb781xbp70f72njqh8vhvbsf1xq87i5-nodejs-22.14.0"
        },
        "x86_64-darwin": {
          "outputs": [
            {
              "name": "out",
              "path": "/nix/store/086zjv14ipka2vbpgwil3xyvi5ml4vh3-nodejs-22.14.0",
              "default": true
            },
            {
              "name": "dev",
              "path": "/nix/store/24n01nfvy908pwzwpgsl0k4227187i7i-nodejs-22.14.0-dev"
            },
            {
              "name": "libv8",
              "path": "/nix/store/jiwk0in1wk85crn9vp03gg937gbh1s0w-nodejs-22.14.0-libv8"
            }
          ],
          "store_path": "/nix/store/086zjv14ipka2vbpgwil3xyvi5ml4vh3-nodejs-22.14.0"
        },
        "x86_64-linux": {
          "outputs": [
            {
              "name": "out",
              "path": "/nix/store/c8jxsih8yy2rnncdmx2hyraizf689nvp-nodejs-22.14.0",
              "default": true
            },
            {
              "name": "libv8",
              "path": "/nix/store/s8gnrgh9hgnbkrc1wrn21d6zvkbvm9vi-nodejs-22.14.0-libv8"
            },
            {
              "name": "dev",
              "path": "/nix/store/xw8c1c0inxq3xl1d7axz19vq8c05kjk5-nodejs-22.14.0-dev"
            }
          ],
          "store_path": "/nix/store/c8jxsih8yy2rnncdmx2hyraizf689nvp-nodejs-22.14.0"
        }
      }
    },
    "ripgrep@latest": {
      "last_modified": "2025-11-23T21:50:36Z",
      "resolved": "github:NixOS/nixpkgs/ee09932cedcef15aaf476f9343d1dea2cb77e261#ripgrep",
      "source": "devbox-search",
      "version": "15.1.0",
      "systems": {
        "aarch64-darwin": {
          "outputs": [
            {
              "name": "out",
              "path": "/nix/store/mhv88knw2x5qdnzl7p06wxa9bxrkgghv-ripgrep-15.1.0",
              "default": true
            }
          ],
          "store_path": "/nix/store/mhv88knw2x5qdnzl7p06wxa9bxrkgghv-ripgrep-15.1.0"
        },
        "aarch64-linux": {
          "outputs": [
            {
              "name": "out",
              "path": "/nix/store/qz4k80cgcrz0qhac0jnb19nsjgy21ind-ripgrep-15.1.0",
              "default": true
            }
          ],
          "store_path": "/nix/store/qz4k80cgcrz0qhac0jnb19nsjgy21ind-ripgrep-15.1.0"
        },
        "x86_64-darwin": {
          "outputs": [
            {
              "name": "out",
              "path": "/nix/store/78yl72h892mdxdplmnii400xm5v9ypx4-ripgrep-15.1.0",
              "default": true
            }
          ],
          "store_path": "/nix/store/78yl72h892mdxdplmnii400xm5v9ypx4-ripgrep-15.1.0"
        },
        "x86_64-linux": {
          "outputs": [
            {
              "name": "out",
              "path": "/nix/store/2fngznir58zqpvg2wl7iy5amlsbzhf9p-ripgrep-15.1.0",
              "default": true
            }
          ],
          "store_path": "/nix/store/2fngznir58zqpvg2wl7iy5amlsbzhf9p-ripgrep-15.1.0"
        }
      }
    },
    "rust-analyzer@latest": {
      "last_modified": "2025-12-18T02:44:17Z",
      "resolved": "github:NixOS/nixpkgs/def3da69945bbe338c373fddad5a1bb49cf199ce#rust-analyzer",
      "source": "devbox-search",
      "version": "2025-12-15",
      "systems": {
        "aarch64-darwin": {
          "outputs": [
            {
              "name": "out",
              "path": "/nix/store/jf1lwwrac8n9x9n4r237bw3za817gmsh-rust-analyzer-2025-12-15",
              "default": true
            }
          ],
          "store_path": "/nix/store/jf1lwwrac8n9x9n4r237bw3za817gmsh-rust-analyzer-2025-12-15"
        },
        "aarch64-linux": {
          "outputs": [
            {
              "name": "out",
              "path": "/nix/store/p01l542camvd7gw8b5am8qxxkvv6xfvn-rust-analyzer-2025-12-15",
              "default": true
            }
          ],
          "store_path": "/nix/store/p01l542camvd7gw8b5am8qxxkvv6xfvn-rust-analyzer-2025-12-15"
        },
        "x86_64-darwin": {
          "outputs": [
            {
              "name": "out",
              "path": "/nix/store/hpdc95ycclpj2qyjhajbfh5ikfj5qhyd-rust-analyzer-2025-12-15",
              "default": true
            }
          ],
          "store_path": "/nix/store/hpdc95ycclpj2qyjhajbfh5ikfj5qhyd-rust-analyzer-2025-12-15"
        },
        "x86_64-linux": {
          "outputs": [
            {
              "name": "out",
              "path": "/nix/store/p01drvm8hyln0drryav1ksypfmgv28rz-rust-analyzer-2025-12-15",
              "default": true
            }
          ],
          "store_path": "/nix/store/p01drvm8hyln0drryav1ksypfmgv28rz-rust-analyzer-2025-12-15"
        }
      }
    },
    "terraform@latest": {
      "last_modified": "2025-12-18T02:44:17Z",
      "resolved": "github:NixOS/nixpkgs/def3da69945bbe338c373fddad5a1bb49cf199ce#terraform",
      "source": "devbox-search",
      "version": "1.14.3",
      "systems": {
        "aarch64-darwin": {
          "outputs": [
            {
              "name": "out",
              "path": "/nix/store/1092d2qqd74w7hly55n0yx2hc7y1459s-terraform-1.14.3",
              "default": true
            }
          ],
          "store_path": "/nix/store/1092d2qqd74w7hly55n0yx2hc7y1459s-terraform-1.14.3"
        },
        "aarch64-linux": {
          "outputs": [
            {
              "name": "out",
              "path": "/nix/store/wpij73mhvklzs7cb1mj7iwm7kyy641zx-terraform-1.14.3",
              "default": true
            }
          ],
          "store_path": "/nix/store/wpij73mhvklzs7cb1mj7iwm7kyy641zx-terraform-1.14.3"
        },
        "x86_64-darwin": {
          "outputs": [
            {
              "name": "out",
              "path": "/nix/store/mbgyrj4f1rq1pb3sqg8nkn3lnpvlg2ac-terraform-1.14.3",
              "default": true
            }
          ],
          "store_path": "/nix/store/mbgyrj4f1rq1pb3sqg8nkn3lnpvlg2ac-terraform-1.14.3"
        },
        "x86_64-linux": {
          "outputs": [
            {
              "name": "out",
              "path": "/nix/store/0mnsjyyshx8kiyb2x4jj1a8plgi63y2m-terraform-1.14.3",
              "default": true
            }
          ],
          "store_path": "/nix/store/0mnsjyyshx8kiyb2x4jj1a8plgi63y2m-terraform-1.14.3"
        }
      }
    }
  }
}
