{
  "lockfile_version": "1",
  "packages": {
    "cargo@latest": {
      "last_modified": "2025-11-23T21:50:36Z",
      "resolved": "github:NixOS/nixpkgs/ee09932cedcef15aaf476f9343d1dea2cb77e261#cargo",
      "source": "devbox-search",
      "version": "1.91.1",
      "systems": {
        "aarch64-darwin": {
          "outputs": [
            {
              "name": "out",
              "path": "/nix/store/45b258b3av4kwr5pljhaghpkn2b076gp-cargo-1.91.1",
              "default": true
            }
          ],
          "store_path": "/nix/store/45b258b3av4kwr5pljhaghpkn2b076gp-cargo-1.91.1"
        },
        "aarch64-linux": {
          "outputs": [
            {
              "name": "out",
              "path": "/nix/store/0dc8isk49j5nixxswvl8kdsvz8wvzah8-cargo-1.91.1",
              "default": true
            }
          ],
          "store_path": "/nix/store/0dc8isk49j5nixxswvl8kdsvz8wvzah8-cargo-1.91.1"
        },
        "x86_64-darwin": {
          "outputs": [
            {
              "name": "out",
              "path": "/nix/store/vc9ij5iq2ga02875g3i8dxz7mpa11ygf-cargo-1.91.1",
              "default": true
            }
          ],
          "store_path": "/nix/store/vc9ij5iq2ga02875g3i8dxz7mpa11ygf-cargo-1.91.1"
        },
        "x86_64-linux": {
          "outputs": [
            {
              "name": "out",
              "path": "/nix/store/742kq790y4nd92s4l4arg7ij8h7is5ar-cargo-1.91.1",
              "default": true
            }
          ],
          "store_path": "/nix/store/742kq790y4nd92s4l4arg7ij8h7is5ar-cargo-1.91.1"
        }
      }
    },
    "delta@latest": {
      "last_modified": "2025-11-25T14:41:04Z",
      "resolved": "github:NixOS/nixpkgs/dc205f7b4fdb04c8b7877b43edb7b73be7730081#delta",
      "source": "devbox-search",
      "version": "0.18.2",
      "systems": {
        "aarch64-darwin": {
          "outputs": [
            {
              "name": "out",
              "path": "/nix/store/19fm5asrcyr50yqv7c989s8ybnf91j34-delta-0.18.2",
              "default": true
            }
          ],
          "store_path": "/nix/store/19fm5asrcyr50yqv7c989s8ybnf91j34-delta-0.18.2"
        },
        "aarch64-linux": {
          "outputs": [
            {
              "name": "out",
              "path": "/nix/store/jmzycv096b7xf8z4b5fk9k9wk40hgc11-delta-0.18.2",
              "default": true
            }
          ],
          "store_path": "/nix/store/jmzycv096b7xf8z4b5fk9k9wk40hgc11-delta-0.18.2"
        },
        "x86_64-darwin": {
          "outputs": [
            {
              "name": "out",
              "path": "/nix/store/dsir2h8lkj48ksnhhyx2f1xvgyl336ap-delta-0.18.2",
              "default": true
            }
          ],
          "store_path": "/nix/store/dsir2h8lkj48ksnhhyx2f1xvgyl336ap-delta-0.18.2"
        },
        "x86_64-linux": {
          "outputs": [
            {
              "name": "out",
              "path": "/nix/store/hfsr8bqqa9gaqwcsq5sjdfiqix7m8kqh-delta-0.18.2",
              "default": true
            }
          ],
          "store_path": "/nix/store/hfsr8bqqa9gaqwcsq5sjdfiqix7m8kqh-delta-0.18.2"
        }
      }
    },
    "direnv@latest": {
      "last_modified": "2025-11-23T21:50:36Z",
      "resolved": "github:NixOS/nixpkgs/ee09932cedcef15aaf476f9343d1dea2cb77e261#direnv",
      "source": "devbox-search",
      "version": "2.37.1",
      "systems": {
        "aarch64-darwin": {
          "outputs": [
            {
              "name": "out",
              "path": "/nix/store/jvqli6w4plrjipvq1zs2k096rmiq5a3j-direnv-2.37.1",
              "default": true
            }
          ],
          "store_path": "/nix/store/jvqli6w4plrjipvq1zs2k096rmiq5a3j-direnv-2.37.1"
        },
        "aarch64-linux": {
          "outputs": [
            {
              "name": "out",
              "path": "/nix/store/bimg3r15l5y511f0nwsbj05za20h682y-direnv-2.37.1",
              "default": true
            }
          ],
          "store_path": "/nix/store/bimg3r15l5y511f0nwsbj05za20h682y-direnv-2.37.1"
        },
        "x86_64-darwin": {
          "outputs": [
            {
              "name": "out",
              "path": "/nix/store/likv1z3frckgb92yzj92d8lbc3ahzpq0-direnv-2.37.1",
              "default": true
            }
          ],
          "store_path": "/nix/store/likv1z3frckgb92yzj92d8lbc3ahzpq0-direnv-2.37.1"
        },
        "x86_64-linux": {
          "outputs": [
            {
              "name": "out",
              "path": "/nix/store/wpj4la1jgf0p8aimfzx49gfr3228vk8f-direnv-2.37.1",
              "default": true
            }
          ],
          "store_path": "/nix/store/wpj4la1jgf0p8aimfzx49gfr3228vk8f-direnv-2.37.1"
        }
      }
    },
    "fd@latest": {
      "last_modified": "2025-11-23T21:50:36Z",
      "resolved": "github:NixOS/nixpkgs/ee09932cedcef15aaf476f9343d1dea2cb77e261#fd",
      "source": "devbox-search",
      "version": "10.3.0",
      "systems": {
        "aarch64-darwin": {
          "outputs": [
            {
              "name": "out",
              "path": "/nix/store/afkk245ihvlsr1wnxk4l8n6wha4f9r4m-fd-10.3.0",
              "default": true
            }
          ],
          "store_path": "/nix/store/afkk245ihvlsr1wnxk4l8n6wha4f9r4m-fd-10.3.0"
        },
        "aarch64-linux": {
          "outputs": [
            {
              "name": "out",
              "path": "/nix/store/n15v3a8dfmccl23r1q5dzwdkah9bvcc4-fd-10.3.0",
              "default": true
            }
          ],
          "store_path": "/nix/store/n15v3a8dfmccl23r1q5dzwdkah9bvcc4-fd-10.3.0"
        },
        "x86_64-darwin": {
          "outputs": [
            {
              "name": "out",
              "path": "/nix/store/kckmjxlfmzx5iwkxbzs57c7hbyb1krsx-fd-10.3.0",
              "default": true
            }
          ],
          "store_path": "/nix/store/kckmjxlfmzx5iwkxbzs57c7hbyb1krsx-fd-10.3.0"
        },
        "x86_64-linux": {
          "outputs": [
            {
              "name": "out",
              "path": "/nix/store/027m34av4nx0246ia2qdbfygzy9dbikw-fd-10.3.0",
              "default": true
            }
          ],
          "store_path": "/nix/store/027m34av4nx0246ia2qdbfygzy9dbikw-fd-10.3.0"
        }
      }
    },
    "fzf@latest": {
      "last_modified": "2025-11-23T21:50:36Z",
      "resolved": "github:NixOS/nixpkgs/ee09932cedcef15aaf476f9343d1dea2cb77e261#fzf",
      "source": "devbox-search",
      "version": "0.67.0",
      "systems": {
        "aarch64-darwin": {
          "outputs": [
            {
              "name": "out",
              "path": "/nix/store/xrg598pzlspl3ayvidaivf5h6c2cpqw2-fzf-0.67.0",
              "default": true
            },
            {
              "name": "man",
              "path": "/nix/store/42n9ja9x3ncd49dfz85wa671gh4mbg1v-fzf-0.67.0-man",
              "default": true
            }
          ],
          "store_path": "/nix/store/xrg598pzlspl3ayvidaivf5h6c2cpqw2-fzf-0.67.0"
        },
        "aarch64-linux": {
          "outputs": [
            {
              "name": "out",
              "path": "/nix/store/rr74d79lmba7j6gms3a8lmn6gy3fps2w-fzf-0.67.0",
              "default": true
            },
            {
              "name": "man",
              "path": "/nix/store/c9zx1l9j3lq9n7q91g3j9wvfi8rffmcg-fzf-0.67.0-man",
              "default": true
            }
          ],
          "store_path": "/nix/store/rr74d79lmba7j6gms3a8lmn6gy3fps2w-fzf-0.67.0"
        },
        "x86_64-darwin": {
          "outputs": [
            {
              "name": "out",
              "path": "/nix/store/zj7xhs92xwxnzjdsa6xi0dkic36hwlbm-fzf-0.67.0",
              "default": true
            },
            {
              "name": "man",
              "path": "/nix/store/imszapzmajd2sxgih3mrgsmyjvq3axg4-fzf-0.67.0-man",
              "default": true
            }
          ],
          "store_path": "/nix/store/zj7xhs92xwxnzjdsa6xi0dkic36hwlbm-fzf-0.67.0"
        },
        "x86_64-linux": {
          "outputs": [
            {
              "name": "out",
              "path": "/nix/store/lc3zmvfh5cyzdgijm8f5sjgd0q3hl9pk-fzf-0.67.0",
              "default": true
            },
            {
              "name": "man",
              "path": "/nix/store/vgwv0ihsax0bkkms9h5x3vk2595kz08x-fzf-0.67.0-man",
              "default": true
            }
          ],
          "store_path": "/nix/store/lc3zmvfh5cyzdgijm8f5sjgd0q3hl9pk-fzf-0.67.0"
        }
      }
    },
    "gh@latest": {
      "last_modified": "2025-12-11T04:04:52Z",
      "resolved": "github:NixOS/nixpkgs/5d6bdbddb4695a62f0d00a3620b37a15275a5093#gh",
      "source": "devbox-search",
      "version": "2.83.2",
      "systems": {
        "aarch64-darwin": {
          "outputs": [
            {
              "name": "out",
              "path": "/nix/store/v09g9zh0bwfjrfcq81k167jk8fnaql4x-gh-2.83.2",
              "default": true
            }
          ],
          "store_path": "/nix/store/v09g9zh0bwfjrfcq81k167jk8fnaql4x-gh-2.83.2"
        },
        "aarch64-linux": {
          "outputs": [
            {
              "name": "out",
              "path": "/nix/store/8a3gc9smfgmimvvsgjncij1p3hrkbycq-gh-2.83.2",
              "default": true
            }
          ],
          "store_path": "/nix/store/8a3gc9smfgmimvvsgjncij1p3hrkbycq-gh-2.83.2"
        },
        "x86_64-darwin": {
          "outputs": [
            {
              "name": "out",
              "path": "/nix/store/cc4glclba1gffbxddd8vyyh8k69c145w-gh-2.83.2",
              "default": true
            }
          ],
          "store_path": "/nix/store/cc4glclba1gffbxddd8vyyh8k69c145w-gh-2.83.2"
        },
        "x86_64-linux": {
          "outputs": [
            {
              "name": "out",
              "path": "/nix/store/1ga8sgks3i0iwdl33aazgql8gfsxnqjc-gh-2.83.2",
              "default": true
            }
          ],
          "store_path": "/nix/store/1ga8sgks3i0iwdl33aazgql8gfsxnqjc-gh-2.83.2"
        }
      }
    },
    "ghq@latest": {
      "last_modified": "2025-11-23T21:50:36Z",
      "resolved": "github:NixOS/nixpkgs/ee09932cedcef15aaf476f9343d1dea2cb77e261#ghq",
      "source": "devbox-search",
      "version": "1.8.0",
      "systems": {
        "aarch64-darwin": {
          "outputs": [
            {
              "name": "out",
              "path": "/nix/store/rps4s8ndk98wfsv93xgvcvlxrhklc8sv-ghq-1.8.0",
              "default": true
            }
          ],
          "store_path": "/nix/store/rps4s8ndk98wfsv93xgvcvlxrhklc8sv-ghq-1.8.0"
        },
        "aarch64-linux": {
          "outputs": [
            {
              "name": "out",
              "path": "/nix/store/0ki4hbvsw36ljrm8cim6l7ljwppprxk0-ghq-1.8.0",
              "default": true
            }
          ],
          "store_path": "/nix/store/0ki4hbvsw36ljrm8cim6l7ljwppprxk0-ghq-1.8.0"
        },
        "x86_64-darwin": {
          "outputs": [
            {
              "name": "out",
              "path": "/nix/store/4k2q2nr4l85b3gv7s74764g2fdppgbp8-ghq-1.8.0",
              "default": true
            }
          ],
          "store_path": "/nix/store/4k2q2nr4l85b3gv7s74764g2fdppgbp8-ghq-1.8.0"
        },
        "x86_64-linux": {
          "outputs": [
            {
              "name": "out",
              "path": "/nix/store/h4rypc8vvahkf4f4c726nkjzkapbv0zq-ghq-1.8.0",
              "default": true
            }
          ],
          "store_path": "/nix/store/h4rypc8vvahkf4f4c726nkjzkapbv0zq-ghq-1.8.0"
        }
      }
    },
    "github:NixOS/nixpkgs/nixpkgs-unstable": {
      "last_modified": "2025-12-27T12:56:01Z",
      "resolved": "github:NixOS/nixpkgs/3edc4a30ed3903fdf6f90c837f961fa6b49582d1?lastModified=1766840161"
    },
    "go@latest": {
      "last_modified": "2025-11-23T21:50:36Z",
      "resolved": "github:NixOS/nixpkgs/ee09932cedcef15aaf476f9343d1dea2cb77e261#go",
      "source": "devbox-search",
      "version": "1.25.4",
      "systems": {
        "aarch64-darwin": {
          "outputs": [
            {
              "name": "out",
              "path": "/nix/store/52f5kjcmgmvgrz3rij676b3rjmgg5l5g-go-1.25.4",
              "default": true
            }
          ],
          "store_path": "/nix/store/52f5kjcmgmvgrz3rij676b3rjmgg5l5g-go-1.25.4"
        },
        "aarch64-linux": {
          "outputs": [
            {
              "name": "out",
              "path": "/nix/store/2ajrlmz1qdpm9k9ankhnp3973wxg1gqs-go-1.25.4",
              "default": true
            }
          ],
          "store_path": "/nix/store/2ajrlmz1qdpm9k9ankhnp3973wxg1gqs-go-1.25.4"
        },
        "x86_64-darwin": {
          "outputs": [
            {
              "name": "out",
              "path": "/nix/store/1rqpvp45rl4sr1l0czrlbmv8jqj9sa7r-go-1.25.4",
              "default": true
            }
          ],
          "store_path": "/nix/store/1rqpvp45rl4sr1l0czrlbmv8jqj9sa7r-go-1.25.4"
        },
        "x86_64-linux": {
          "outputs": [
            {
              "name": "out",
              "path": "/nix/store/0a3dyfq09dnkw28ap2i450wjimvdmv6s-go-1.25.4",
              "default": true
            }
          ],
          "store_path": "/nix/store/0a3dyfq09dnkw28ap2i450wjimvdmv6s-go-1.25.4"
        }
      }
    },
    "haskell-language-server@latest": {
      "last_modified": "2025-12-15T12:53:45Z",
      "resolved": "github:NixOS/nixpkgs/ac9a217389ee622d4e1e727c4efcc9c4bc9089ba#haskell-language-server",
      "source": "devbox-search",
      "version": "2.12.0.0",
      "systems": {
        "aarch64-darwin": {
          "outputs": [
            {
              "name": "out",
              "path": "/nix/store/5galwgdqkppkjwn8459mqzivx6fd1blv-haskell-language-server-2.12.0.0",
              "default": true
            }
          ],
          "store_path": "/nix/store/5galwgdqkppkjwn8459mqzivx6fd1blv-haskell-language-server-2.12.0.0"
        },
        "aarch64-linux": {
          "outputs": [
            {
              "name": "out",
              "path": "/nix/store/w4h2aw3h8j1x8dn58p4k9qm9z4wvysxh-haskell-language-server-2.12.0.0",
              "default": true
            }
          ],
          "store_path": "/nix/store/w4h2aw3h8j1x8dn58p4k9qm9z4wvysxh-haskell-language-server-2.12.0.0"
        },
        "x86_64-darwin": {
          "outputs": [
            {
              "name": "out",
              "path": "/nix/store/dyypjsbzy58l0pjjmrvg8731aqj4hywj-haskell-language-server-2.12.0.0",
              "default": true
            }
          ],
          "store_path": "/nix/store/dyypjsbzy58l0pjjmrvg8731aqj4hywj-haskell-language-server-2.12.0.0"
        },
        "x86_64-linux": {
          "outputs": [
            {
              "name": "out",
              "path": "/nix/store/6v5kfr9v29mccykkjmnszwn4h1bj1b6h-haskell-language-server-2.12.0.0",
              "default": true
            }
          ],
          "store_path": "/nix/store/6v5kfr9v29mccykkjmnszwn4h1bj1b6h-haskell-language-server-2.12.0.0"
        }
      }
    },
    "lazydocker@latest": {
      "last_modified": "2025-12-21T10:48:17Z",
      "resolved": "github:NixOS/nixpkgs/306ea70f9eb0fb4e040f8540e2deab32ed7e2055#lazydocker",
      "source": "devbox-search",
      "version": "0.24.3",
      "systems": {
        "aarch64-darwin": {
          "outputs": [
            {
              "name": "out",
              "path": "/nix/store/hsjmnn881q03mdvpw2l368frj5jgicx1-lazydocker-0.24.3",
              "default": true
            }
          ],
          "store_path": "/nix/store/hsjmnn881q03mdvpw2l368frj5jgicx1-lazydocker-0.24.3"
        },
        "aarch64-linux": {
          "outputs": [
            {
              "name": "out",
              "path": "/nix/store/0migx4wg3idn7c0fxc71709pyrhckrsi-lazydocker-0.24.3",
              "default": true
            }
          ],
          "store_path": "/nix/store/0migx4wg3idn7c0fxc71709pyrhckrsi-lazydocker-0.24.3"
        },
        "x86_64-darwin": {
          "outputs": [
            {
              "name": "out",
              "path": "/nix/store/4f8klskjaz5kvymgs7vh1rlsqak2q654-lazydocker-0.24.3",
              "default": true
            }
          ],
          "store_path": "/nix/store/4f8klskjaz5kvymgs7vh1rlsqak2q654-lazydocker-0.24.3"
        },
        "x86_64-linux": {
          "outputs": [
            {
              "name": "out",
              "path": "/nix/store/1xfj0z8s48kag30k8ssnibbckjc1g2bz-lazydocker-0.24.3",
              "default": true
            }
          ],
          "store_path": "/nix/store/1xfj0z8s48kag30k8ssnibbckjc1g2bz-lazydocker-0.24.3"
        }
      }
    },
    "lazygit@latest": {
      "last_modified": "2025-12-09T08:49:39Z",
      "resolved": "github:NixOS/nixpkgs/677fbe97984e7af3175b6c121f3c39ee5c8d62c9#lazygit",
      "source": "devbox-search",
      "version": "0.57.0",
      "systems": {
        "aarch64-darwin": {
          "outputs": [
            {
              "name": "out",
              "path": "/nix/store/5ksh90isk6lygyq2s1bz6s8798p2asc5-lazygit-0.57.0",
              "default": true
            }
          ],
          "store_path": "/nix/store/5ksh90isk6lygyq2s1bz6s8798p2asc5-lazygit-0.57.0"
        },
        "aarch64-linux": {
          "outputs": [
            {
              "name": "out",
              "path": "/nix/store/5ay3ws17k9kqkpjhf6pb2jhq1q389pkj-lazygit-0.57.0",
              "default": true
            }
          ],
          "store_path": "/nix/store/5ay3ws17k9kqkpjhf6pb2jhq1q389pkj-lazygit-0.57.0"
        },
        "x86_64-darwin": {
          "outputs": [
            {
              "name": "out",
              "path": "/nix/store/n0dpf3a5nkpzc1bkfqjby7rsdsfsvbj6-lazygit-0.57.0",
              "default": true
            }
          ],
          "store_path": "/nix/store/n0dpf3a5nkpzc1bkfqjby7rsdsfsvbj6-lazygit-0.57.0"
        },
        "x86_64-linux": {
          "outputs": [
            {
              "name": "out",
              "path": "/nix/store/9qy1h77adsm22sjajb9219s7ihx8swja-lazygit-0.57.0",
              "default": true
            }
          ],
          "store_path": "/nix/store/9qy1h77adsm22sjajb9219s7ihx8swja-lazygit-0.57.0"
        }
      }
    },
    "lua54Packages.lua@latest": {
      "last_modified": "2025-11-23T21:50:36Z",
      "resolved": "github:NixOS/nixpkgs/ee09932cedcef15aaf476f9343d1dea2cb77e261#lua54Packages.lua",
      "source": "devbox-search",
      "version": "5.4.7",
      "systems": {
        "aarch64-darwin": {
          "outputs": [
            {
              "name": "out",
              "path": "/nix/store/v7fva7yj1rqrmc01h9cv6s38w9xiaxdk-lua-5.4.7",
              "default": true
            },
            {
              "name": "doc",
              "path": "/nix/store/3c0c8i34s20jgq2j59wynmd99c6l2n8f-lua-5.4.7-doc"
            }
          ],
          "store_path": "/nix/store/v7fva7yj1rqrmc01h9cv6s38w9xiaxdk-lua-5.4.7"
        },
        "aarch64-linux": {
          "outputs": [
            {
              "name": "out",
              "path": "/nix/store/2qlvk8s2zfnjwv10qkirzbadl0cz9n44-lua-5.4.7",
              "default": true
            },
            {
              "name": "doc",
              "path": "/nix/store/1vjc0dyfddxiyh1nw6cgam9vzq8m0x1q-lua-5.4.7-doc"
            }
          ],
          "store_path": "/nix/store/2qlvk8s2zfnjwv10qkirzbadl0cz9n44-lua-5.4.7"
        },
        "x86_64-darwin": {
          "outputs": [
            {
              "name": "out",
              "path": "/nix/store/i2x8k5dh8d86i25rh3xqj6qkr51ckyq7-lua-5.4.7",
              "default": true
            },
            {
              "name": "doc",
              "path": "/nix/store/bl7bivwgsrb2wiv9xamkdmchvhpyhhx5-lua-5.4.7-doc"
            }
          ],
          "store_path": "/nix/store/i2x8k5dh8d86i25rh3xqj6qkr51ckyq7-lua-5.4.7"
        },
        "x86_64-linux": {
          "outputs": [
            {
              "name": "out",
              "path": "/nix/store/bhwfaxckk11jlcfybbd87n0cnjhjzdld-lua-5.4.7",
              "default": true
            },
            {
              "name": "doc",
              "path": "/nix/store/dk4n93q3k6gjy5vsp7l7b0325pjdz6jh-lua-5.4.7-doc"
            }
          ],
          "store_path": "/nix/store/bhwfaxckk11jlcfybbd87n0cnjhjzdld-lua-5.4.7"
        }
      }
    },
    "lua54Packages.luarocks@latest": {
      "last_modified": "2025-11-23T21:50:36Z",
      "resolved": "github:NixOS/nixpkgs/ee09932cedcef15aaf476f9343d1dea2cb77e261#lua54Packages.luarocks",
      "source": "devbox-search",
      "version": "3.12.2-1",
      "systems": {
        "aarch64-darwin": {
          "outputs": [
            {
              "name": "out",
              "path": "/nix/store/hd7f4rppygrc6q8nasxlwnx5pwavrxjq-lua5.4-luarocks-3.12.2-1",
              "default": true
            }
          ],
          "store_path": "/nix/store/hd7f4rppygrc6q8nasxlwnx5pwavrxjq-lua5.4-luarocks-3.12.2-1"
        },
        "aarch64-linux": {
          "outputs": [
            {
              "name": "out",
              "path": "/nix/store/dxfaix780k37qfa07mcm2yr5ci3acyxi-lua5.4-luarocks-3.12.2-1",
              "default": true
            }
          ],
          "store_path": "/nix/store/dxfaix780k37qfa07mcm2yr5ci3acyxi-lua5.4-luarocks-3.12.2-1"
        },
        "x86_64-darwin": {
          "outputs": [
            {
              "name": "out",
              "path": "/nix/store/v227di10f3ajhsp0r0rsrs109sh142db-lua5.4-luarocks-3.12.2-1",
              "default": true
            }
          ],
          "store_path": "/nix/store/v227di10f3ajhsp0r0rsrs109sh142db-lua5.4-luarocks-3.12.2-1"
        },
        "x86_64-linux": {
          "outputs": [
            {
              "name": "out",
              "path": "/nix/store/2dvabkn3vwlnlpv6djb2adqawlizgc77-lua5.4-luarocks-3.12.2-1",
              "default": true
            }
          ],
          "store_path": "/nix/store/2dvabkn3vwlnlpv6djb2adqawlizgc77-lua5.4-luarocks-3.12.2-1"
        }
      }
    },
    "nodejs@22": {
      "last_modified": "2025-06-06T01:46:53Z",
      "plugin_version": "0.0.2",
      "resolved": "github:NixOS/nixpkgs/6ad174a6dc07c7742fc64005265addf87ad08615#nodejs_22",
      "source": "devbox-search",
      "version": "22.14.0",
      "systems": {
        "aarch64-darwin": {
          "outputs": [
            {
              "name": "out",
              "path": "/nix/store/g5bv4gi6p7ryhs2hbaryxs6ivsxa6lqc-nodejs-22.14.0",
              "default": true
            },
            {
              "name": "dev",
              "path": "/nix/store/96vpirdcns8zxdwzwl7n804012lwrf1n-nodejs-22.14.0-dev"
            },
            {
              "name": "libv8",
              "path": "/nix/store/xph2837xqjnra80mqlk64xp7vb3kkqxs-nodejs-22.14.0-libv8"
            }
          ],
          "store_path": "/nix/store/g5bv4gi6p7ryhs2hbaryxs6ivsxa6lqc-nodejs-22.14.0"
        },
        "aarch64-linux": {
          "outputs": [
            {
              "name": "out",
              "path": "/nix/store/cwb781xbp70f72njqh8vhvbsf1xq87i5-nodejs-22.14.0",
              "default": true
            },
            {
              "name": "dev",
              "path": "/nix/store/0w5mql46am2qai707a42q983l44l1h9z-nodejs-22.14.0-dev"
            },
            {
              "name": "libv8",
              "path": "/nix/store/vy56lahz381ayvw3hym3wj4r4ggv7gbk-nodejs-22.14.0-libv8"
            }
          ],
          "store_path": "/nix/store/cwb781xbp70f72njqh8vhvbsf1xq87i5-nodejs-22.14.0"
        },
        "x86_64-darwin": {
          "outputs": [
            {
              "name": "out",
              "path": "/nix/store/086zjv14ipka2vbpgwil3xyvi5ml4vh3-nodejs-22.14.0",
              "default": true
            },
            {
              "name": "dev",
              "path": "/nix/store/24n01nfvy908pwzwpgsl0k4227187i7i-nodejs-22.14.0-dev"
            },
            {
              "name": "libv8",
              "path": "/nix/store/jiwk0in1wk85crn9vp03gg937gbh1s0w-nodejs-22.14.0-libv8"
            }
          ],
          "store_path": "/nix/store/086zjv14ipka2vbpgwil3xyvi5ml4vh3-nodejs-22.14.0"
        },
        "x86_64-linux": {
          "outputs": [
            {
              "name": "out",
              "path": "/nix/store/c8jxsih8yy2rnncdmx2hyraizf689nvp-nodejs-22.14.0",
              "default": true
            },
            {
              "name": "libv8",
              "path": "/nix/store/s8gnrgh9hgnbkrc1wrn21d6zvkbvm9vi-nodejs-22.14.0-libv8"
            },
            {
              "name": "dev",
              "path": "/nix/store/xw8c1c0inxq3xl1d7axz19vq8c05kjk5-nodejs-22.14.0-dev"
            }
          ],
          "store_path": "/nix/store/c8jxsih8yy2rnncdmx2hyraizf689nvp-nodejs-22.14.0"
        }
      }
    },
    "python@latest": {
      "last_modified": "2025-11-23T21:50:36Z",
      "plugin_version": "0.0.4",
      "resolved": "github:NixOS/nixpkgs/ee09932cedcef15aaf476f9343d1dea2cb77e261#python314",
      "source": "devbox-search",
      "version": "3.14.0",
      "systems": {
        "aarch64-darwin": {
          "outputs": [
            {
              "name": "out",
              "path": "/nix/store/wqnlp9wcgs0g3mf1kpb8swibm3hcmb46-python3-3.14.0",
              "default": true
            }
          ],
          "store_path": "/nix/store/wqnlp9wcgs0g3mf1kpb8swibm3hcmb46-python3-3.14.0"
        },
        "aarch64-linux": {
          "outputs": [
            {
              "name": "out",
              "path": "/nix/store/1661mj8jk71bsfg5hs933gsnsl7n128y-python3-3.14.0",
              "default": true
            },
            {
              "name": "debug",
              "path": "/nix/store/3pzwrvqnxyzf7qcign3nq8z6n9nxvg3z-python3-3.14.0-debug"
            }
          ],
          "store_path": "/nix/store/1661mj8jk71bsfg5hs933gsnsl7n128y-python3-3.14.0"
        },
        "x86_64-darwin": {
          "outputs": [
            {
              "name": "out",
              "path": "/nix/store/6537bwrw3mphrsfzln4996n630g48iyf-python3-3.14.0",
              "default": true
            }
          ],
          "store_path": "/nix/store/6537bwrw3mphrsfzln4996n630g48iyf-python3-3.14.0"
        },
        "x86_64-linux": {
          "outputs": [
            {
              "name": "out",
              "path": "/nix/store/sddj4ifk8jdpqi1vzzz6cl7bb0cshskx-python3-3.14.0",
              "default": true
            },
            {
              "name": "debug",
              "path": "/nix/store/nz0214vhnlzamk8l7k6yh1rd7fxiyph8-python3-3.14.0-debug"
            }
          ],
          "store_path": "/nix/store/sddj4ifk8jdpqi1vzzz6cl7bb0cshskx-python3-3.14.0"
        }
      }
    },
    "ripgrep@latest": {
      "last_modified": "2025-11-23T21:50:36Z",
      "resolved": "github:NixOS/nixpkgs/ee09932cedcef15aaf476f9343d1dea2cb77e261#ripgrep",
      "source": "devbox-search",
      "version": "15.1.0",
      "systems": {
        "aarch64-darwin": {
          "outputs": [
            {
              "name": "out",
              "path": "/nix/store/mhv88knw2x5qdnzl7p06wxa9bxrkgghv-ripgrep-15.1.0",
              "default": true
            }
          ],
          "store_path": "/nix/store/mhv88knw2x5qdnzl7p06wxa9bxrkgghv-ripgrep-15.1.0"
        },
        "aarch64-linux": {
          "outputs": [
            {
              "name": "out",
              "path": "/nix/store/qz4k80cgcrz0qhac0jnb19nsjgy21ind-ripgrep-15.1.0",
              "default": true
            }
          ],
          "store_path": "/nix/store/qz4k80cgcrz0qhac0jnb19nsjgy21ind-ripgrep-15.1.0"
        },
        "x86_64-darwin": {
          "outputs": [
            {
              "name": "out",
              "path": "/nix/store/78yl72h892mdxdplmnii400xm5v9ypx4-ripgrep-15.1.0",
              "default": true
            }
          ],
          "store_path": "/nix/store/78yl72h892mdxdplmnii400xm5v9ypx4-ripgrep-15.1.0"
        },
        "x86_64-linux": {
          "outputs": [
            {
              "name": "out",
              "path": "/nix/store/2fngznir58zqpvg2wl7iy5amlsbzhf9p-ripgrep-15.1.0",
              "default": true
            }
          ],
          "store_path": "/nix/store/2fngznir58zqpvg2wl7iy5amlsbzhf9p-ripgrep-15.1.0"
        }
      }
    },
    "rust-analyzer@latest": {
      "last_modified": "2025-12-18T02:44:17Z",
      "resolved": "github:NixOS/nixpkgs/def3da69945bbe338c373fddad5a1bb49cf199ce#rust-analyzer",
      "source": "devbox-search",
      "version": "2025-12-15",
      "systems": {
        "aarch64-darwin": {
          "outputs": [
            {
              "name": "out",
              "path": "/nix/store/jf1lwwrac8n9x9n4r237bw3za817gmsh-rust-analyzer-2025-12-15",
              "default": true
            }
          ],
          "store_path": "/nix/store/jf1lwwrac8n9x9n4r237bw3za817gmsh-rust-analyzer-2025-12-15"
        },
        "aarch64-linux": {
          "outputs": [
            {
              "name": "out",
              "path": "/nix/store/p01l542camvd7gw8b5am8qxxkvv6xfvn-rust-analyzer-2025-12-15",
              "default": true
            }
          ],
          "store_path": "/nix/store/p01l542camvd7gw8b5am8qxxkvv6xfvn-rust-analyzer-2025-12-15"
        },
        "x86_64-darwin": {
          "outputs": [
            {
              "name": "out",
              "path": "/nix/store/hpdc95ycclpj2qyjhajbfh5ikfj5qhyd-rust-analyzer-2025-12-15",
              "default": true
            }
          ],
          "store_path": "/nix/store/hpdc95ycclpj2qyjhajbfh5ikfj5qhyd-rust-analyzer-2025-12-15"
        },
        "x86_64-linux": {
          "outputs": [
            {
              "name": "out",
              "path": "/nix/store/p01drvm8hyln0drryav1ksypfmgv28rz-rust-analyzer-2025-12-15",
              "default": true
            }
          ],
          "store_path": "/nix/store/p01drvm8hyln0drryav1ksypfmgv28rz-rust-analyzer-2025-12-15"
        }
      }
    },
    "stack@latest": {
      "last_modified": "2025-11-23T21:50:36Z",
      "resolved": "github:NixOS/nixpkgs/ee09932cedcef15aaf476f9343d1dea2cb77e261#stack",
      "source": "devbox-search",
      "version": "3.7.1",
      "systems": {
        "aarch64-linux": {
          "outputs": [
            {
              "name": "out",
              "path": "/nix/store/3i7zscx33jkg6v7f88b27n1wdxljmh22-stack-3.7.1",
              "default": true
            }
          ],
          "store_path": "/nix/store/3i7zscx33jkg6v7f88b27n1wdxljmh22-stack-3.7.1"
        },
        "x86_64-darwin": {
          "outputs": [
            {
              "name": "out",
              "path": "/nix/store/pa30xwla76zvf4mj37pc9fssdns0x1hz-stack-3.7.1",
              "default": true
            }
          ],
          "store_path": "/nix/store/pa30xwla76zvf4mj37pc9fssdns0x1hz-stack-3.7.1"
        },
        "x86_64-linux": {
          "outputs": [
            {
              "name": "out",
              "path": "/nix/store/lanmxpzj7c8frmxg2jjrmdgzkip9kdfm-stack-3.7.1",
              "default": true
            }
          ],
          "store_path": "/nix/store/lanmxpzj7c8frmxg2jjrmdgzkip9kdfm-stack-3.7.1"
        }
      }
    },
    "terraform@latest": {
      "last_modified": "2025-12-18T02:44:17Z",
      "resolved": "github:NixOS/nixpkgs/def3da69945bbe338c373fddad5a1bb49cf199ce#terraform",
      "source": "devbox-search",
      "version": "1.14.3",
      "systems": {
        "aarch64-darwin": {
          "outputs": [
            {
              "name": "out",
              "path": "/nix/store/1092d2qqd74w7hly55n0yx2hc7y1459s-terraform-1.14.3",
              "default": true
            }
          ],
          "store_path": "/nix/store/1092d2qqd74w7hly55n0yx2hc7y1459s-terraform-1.14.3"
        },
        "aarch64-linux": {
          "outputs": [
            {
              "name": "out",
              "path": "/nix/store/wpij73mhvklzs7cb1mj7iwm7kyy641zx-terraform-1.14.3",
              "default": true
            }
          ],
          "store_path": "/nix/store/wpij73mhvklzs7cb1mj7iwm7kyy641zx-terraform-1.14.3"
        },
        "x86_64-darwin": {
          "outputs": [
            {
              "name": "out",
              "path": "/nix/store/mbgyrj4f1rq1pb3sqg8nkn3lnpvlg2ac-terraform-1.14.3",
              "default": true
            }
          ],
          "store_path": "/nix/store/mbgyrj4f1rq1pb3sqg8nkn3lnpvlg2ac-terraform-1.14.3"
        },
        "x86_64-linux": {
          "outputs": [
            {
              "name": "out",
              "path": "/nix/store/0mnsjyyshx8kiyb2x4jj1a8plgi63y2m-terraform-1.14.3",
              "default": true
            }
          ],
          "store_path": "/nix/store/0mnsjyyshx8kiyb2x4jj1a8plgi63y2m-terraform-1.14.3"
        }
      }
    }
  }
}
